// !$*UTF8*$!
{
	archiveVersion = 1;
	classes = {
	};
	objectVersion = 46;
	objects = {

/* Begin PBXAggregateTarget section */
		7025CCE65859C9F8F4635F01 /* Synth - All */ = {
			isa = PBXAggregateTarget;
			buildConfigurationList = A82BC8F90771DF0EF8C45F31;
			buildPhases = (
			);
			dependencies = (
				65A8F92AEB8C70C0AD8A94CF,
				BFCC325D4E3F638D4748F9A8,
				2229DAEAAB72949014BBD53B,
				2644A582A21946DF4C596703,
			);
			name = "Synth - All";
			productName = Synth;
		};
/* End PBXAggregateTarget section */

/* Begin PBXBuildFile section */
		06612B71BA049DAC8D85CD63 /* include_juce_audio_plugin_client_VST3.cpp */ = {isa = PBXBuildFile; fileRef = 174C7784D8F85173011BCFA2; };
		07A2A87347DBE57684D9A27B /* Foundation.framework */ = {isa = PBXBuildFile; fileRef = 56C5D175BBDBFBC3E7CCCB34; };
		08409E494D4262A1DC4CD1BE /* DiscRecording.framework */ = {isa = PBXBuildFile; fileRef = 32416AFA53E7A2F5A7720B4C; };
		0E025FD21D0F434F8BD2A8DC /* include_juce_audio_processors.mm */ = {isa = PBXBuildFile; fileRef = 36811B0DB4AD6C5E621E19BA; };
		11B98A05FA2FA87ABA9B2CF6 /* include_juce_audio_formats.mm */ = {isa = PBXBuildFile; fileRef = 508EF5D69E8DBAF77F901F3D; };
		137E9DE7ABFDFBE00EAA0AB1 /* include_juce_audio_plugin_client_AU.r */ = {isa = PBXBuildFile; fileRef = 4741FE95AB0192BFD4DFD81A; };
		15397AED63AD3CEF73429233 /* Cocoa.framework */ = {isa = PBXBuildFile; fileRef = 0B1E948B0683355BA5ACFE87; };
		1E6137E447EB0448AFFF012E /* Shared Code */ = {isa = PBXBuildFile; fileRef = 4F4BB73BEABBBCBD6A8CE82A; };
		2207CF9E07E9F99D2A191A32 /* include_juce_audio_utils.mm */ = {isa = PBXBuildFile; fileRef = 047D691C818061355ADBF873; };
		234C182CBAF7FAF8EEDF2947 /* include_juce_core.mm */ = {isa = PBXBuildFile; fileRef = 06F78788AB7346D3B9901A83; };
		2A59E26222308D7336DF15F8 /* include_juce_gui_extra.mm */ = {isa = PBXBuildFile; fileRef = 46A6DBD50CC640C47333DBF6; };
		355D701725FF0ED1692F48AD /* AU */ = {isa = PBXBuildFile; fileRef = 416A099FECFDAE58496B4FCC; };
		3B38D57F0E9CE85DA8289FEF /* Carbon.framework */ = {isa = PBXBuildFile; fileRef = 92F5569C755E68DDD813D828; };
		42B0D37DA983C74865CCEB08 /* WebKit.framework */ = {isa = PBXBuildFile; fileRef = E001C120DAEE7E4BF9706494; };
		4F6C3AF2A2305C484C47E887 /* CoreMIDI.framework */ = {isa = PBXBuildFile; fileRef = 978568F7D44CA6B0D74B75E0; };
		5546EE11E0203F3315B80BB3 /* include_juce_audio_plugin_client_utils.cpp */ = {isa = PBXBuildFile; fileRef = 8C40B53DF9917FD67E137479; };
		55D9F232F825ACD2A6468DD2 /* IOKit.framework */ = {isa = PBXBuildFile; fileRef = F3A7FCCF1107BECE4F222071; };
		5CDFDB5556422A82D1F594A3 /* PluginProcessor.cpp */ = {isa = PBXBuildFile; fileRef = 25C6E175697C7B2F9028706B; };
		61F5DB706B770DE9B4017F11 /* include_juce_events.mm */ = {isa = PBXBuildFile; fileRef = 8ADAF40E8D2AC9D7D8BD0353; };
		67A4D6EB4EDCD841843B8223 /* CoreAudioKit.framework */ = {isa = PBXBuildFile; fileRef = 11DDCCB1CB585EA8D95B6CFA; };
		6C40E0E1043E3654B8E1E418 /* include_juce_graphics.mm */ = {isa = PBXBuildFile; fileRef = 04828FA604FEAC2903F20707; };
		8A6FF86446F3F4A03C131FDF /* VST3 */ = {isa = PBXBuildFile; fileRef = FCDA16ED3243299F56F95A1A; };
		8A808B595EB4C4E0CAE85717 /* include_juce_audio_plugin_client_Standalone.cpp */ = {isa = PBXBuildFile; fileRef = 91DF883B23639F59A02976BE; };
		961228D6BB26D597F0E603F0 /* include_juce_audio_basics.mm */ = {isa = PBXBuildFile; fileRef = 7AA97C7BCA524197BE2D9932; };
		972B00ED3AA5FB95E61A1D6D /* CoreAudio.framework */ = {isa = PBXBuildFile; fileRef = 6B444502E4C40640C4485A55; };
		9E881A023108061F68E16E0D /* AudioToolbox.framework */ = {isa = PBXBuildFile; fileRef = B63AEA41E35CE815C4E83AA9; };
		ABD0A5175203B23DB58B118D /* include_juce_dsp.mm */ = {isa = PBXBuildFile; fileRef = 1C72ECDB4E452D6506383C8D; };
		B599A6D0E9A6B9D1FC3F0CDE /* include_juce_audio_plugin_client_VST_utils.mm */ = {isa = PBXBuildFile; fileRef = 677D982671FC98D9944136D1; };
		C11694560005EE6980A0C2E5 /* include_juce_audio_plugin_client_AU_2.mm */ = {isa = PBXBuildFile; fileRef = 4F4355FC6740C452ADB93A5E; };
		C29FA358E8CA0BFF3DA194D3 /* PluginEditor.cpp */ = {isa = PBXBuildFile; fileRef = 6066CAFDF548F6046CA0B9BD; };
		C54E76DFEC37E055D8223743 /* include_juce_audio_plugin_client_AU_1.mm */ = {isa = PBXBuildFile; fileRef = 7FD61851666564FABC28E43B; };
		C7106E890B77DAB26061A75A /* include_juce_audio_devices.mm */ = {isa = PBXBuildFile; fileRef = CCA6F4261E5B01AE24709081; };
		CE7A87D7E17C49941AC3E511 /* RecentFilesMenuTemplate.nib */ = {isa = PBXBuildFile; fileRef = 3E7F5967692D0360B592674B; };
		D943FFABFB97906A526656D7 /* Accelerate.framework */ = {isa = PBXBuildFile; fileRef = 2DB9BB33189B53FE1A296423; };
		DBE12F58149646000E4ADFED /* Standalone Plugin */ = {isa = PBXBuildFile; fileRef = 2F59250206CC9F1A6DAAFE0A; };
		DBE30FB85CDFCF34F5F00654 /* SynthVoice.cpp */ = {isa = PBXBuildFile; fileRef = 6D0281ED2DA48DB93329FA2D; };
		E048E7AED27DE76ABFF26C36 /* QuartzCore.framework */ = {isa = PBXBuildFile; fileRef = B3D81E786F49BAED3A1BA6F9; };
		E376AD2C6ADBB4174B310918 /* include_juce_gui_basics.mm */ = {isa = PBXBuildFile; fileRef = C6F72228AF6A97D04A71C5A5; };
		ECC998C110655417F009B59F /* include_juce_data_structures.mm */ = {isa = PBXBuildFile; fileRef = B8FB6EFE16194F9E487D506B; };
		F41E1F3AECF121D3B9B54A4D /* AudioUnit.framework */ = {isa = PBXBuildFile; fileRef = 5CE6BBAE674E45A3E3DEBFEC; };
/* End PBXBuildFile section */

/* Begin PBXFileReference section */
		047D691C818061355ADBF873 /* include_juce_audio_utils.mm */ /* include_juce_audio_utils.mm */ = {isa = PBXFileReference; lastKnownFileType = sourcecode.cpp.objcpp; name = include_juce_audio_utils.mm; path = ../../JuceLibraryCode/include_juce_audio_utils.mm; sourceTree = SOURCE_ROOT; };
		04828FA604FEAC2903F20707 /* include_juce_graphics.mm */ /* include_juce_graphics.mm */ = {isa = PBXFileReference; lastKnownFileType = sourcecode.cpp.objcpp; name = include_juce_graphics.mm; path = ../../JuceLibraryCode/include_juce_graphics.mm; sourceTree = SOURCE_ROOT; };
		0535358C9106389917A34E67 /* juce_audio_basics */ /* juce_audio_basics */ = {isa = PBXFileReference; lastKnownFileType = folder; name = juce_audio_basics; path = /Users/kai/JUCE/modules/juce_audio_basics; sourceTree = "<absolute>"; };
		06F78788AB7346D3B9901A83 /* include_juce_core.mm */ /* include_juce_core.mm */ = {isa = PBXFileReference; lastKnownFileType = sourcecode.cpp.objcpp; name = include_juce_core.mm; path = ../../JuceLibraryCode/include_juce_core.mm; sourceTree = SOURCE_ROOT; };
		0B1E948B0683355BA5ACFE87 /* Cocoa.framework */ /* Cocoa.framework */ = {isa = PBXFileReference; lastKnownFileType = wrapper.framework; name = Cocoa.framework; path = System/Library/Frameworks/Cocoa.framework; sourceTree = SDKROOT; };
		11DDCCB1CB585EA8D95B6CFA /* CoreAudioKit.framework */ /* CoreAudioKit.framework */ = {isa = PBXFileReference; lastKnownFileType = wrapper.framework; name = CoreAudioKit.framework; path = System/Library/Frameworks/CoreAudioKit.framework; sourceTree = SDKROOT; };
		174C7784D8F85173011BCFA2 /* include_juce_audio_plugin_client_VST3.cpp */ /* include_juce_audio_plugin_client_VST3.cpp */ = {isa = PBXFileReference; lastKnownFileType = sourcecode.cpp.cpp; name = include_juce_audio_plugin_client_VST3.cpp; path = ../../JuceLibraryCode/include_juce_audio_plugin_client_VST3.cpp; sourceTree = SOURCE_ROOT; };
		1C72ECDB4E452D6506383C8D /* include_juce_dsp.mm */ /* include_juce_dsp.mm */ = {isa = PBXFileReference; lastKnownFileType = sourcecode.cpp.objcpp; name = include_juce_dsp.mm; path = ../../JuceLibraryCode/include_juce_dsp.mm; sourceTree = SOURCE_ROOT; };
		1EFBFCDFBB146B2778B26670 /* juce_audio_processors */ /* juce_audio_processors */ = {isa = PBXFileReference; lastKnownFileType = folder; name = juce_audio_processors; path = /Users/kai/JUCE/modules/juce_audio_processors; sourceTree = "<absolute>"; };
		25C6E175697C7B2F9028706B /* PluginProcessor.cpp */ /* PluginProcessor.cpp */ = {isa = PBXFileReference; lastKnownFileType = sourcecode.cpp.cpp; name = PluginProcessor.cpp; path = ../../Source/PluginProcessor.cpp; sourceTree = SOURCE_ROOT; };
		27373D93D6D2CB22C59B8258 /* juce_gui_basics */ /* juce_gui_basics */ = {isa = PBXFileReference; lastKnownFileType = folder; name = juce_gui_basics; path = /Users/kai/JUCE/modules/juce_gui_basics; sourceTree = "<absolute>"; };
		2DB9BB33189B53FE1A296423 /* Accelerate.framework */ /* Accelerate.framework */ = {isa = PBXFileReference; lastKnownFileType = wrapper.framework; name = Accelerate.framework; path = System/Library/Frameworks/Accelerate.framework; sourceTree = SDKROOT; };
		2F59250206CC9F1A6DAAFE0A /* Standalone Plugin */ = {isa = PBXFileReference; explicitFileType = wrapper.application; includeInIndex = 0; path = Synth.app; sourceTree = BUILT_PRODUCTS_DIR; };
		32416AFA53E7A2F5A7720B4C /* DiscRecording.framework */ /* DiscRecording.framework */ = {isa = PBXFileReference; lastKnownFileType = wrapper.framework; name = DiscRecording.framework; path = System/Library/Frameworks/DiscRecording.framework; sourceTree = SDKROOT; };
		3528280A9783CB96B6E557B5 /* juce_graphics */ /* juce_graphics */ = {isa = PBXFileReference; lastKnownFileType = folder; name = juce_graphics; path = /Users/kai/JUCE/modules/juce_graphics; sourceTree = "<absolute>"; };
		36811B0DB4AD6C5E621E19BA /* include_juce_audio_processors.mm */ /* include_juce_audio_processors.mm */ = {isa = PBXFileReference; lastKnownFileType = sourcecode.cpp.objcpp; name = include_juce_audio_processors.mm; path = ../../JuceLibraryCode/include_juce_audio_processors.mm; sourceTree = SOURCE_ROOT; };
		3CEF375239C704040F7DE317 /* Info-AU.plist */ /* Info-AU.plist */ = {isa = PBXFileReference; lastKnownFileType = text.plist.xml; name = "Info-AU.plist"; path = "Info-AU.plist"; sourceTree = SOURCE_ROOT; };
		3E7F5967692D0360B592674B /* RecentFilesMenuTemplate.nib */ /* RecentFilesMenuTemplate.nib */ = {isa = PBXFileReference; lastKnownFileType = file.nib; name = RecentFilesMenuTemplate.nib; path = RecentFilesMenuTemplate.nib; sourceTree = SOURCE_ROOT; };
		416A099FECFDAE58496B4FCC /* AU */ = {isa = PBXFileReference; explicitFileType = wrapper.cfbundle; includeInIndex = 0; path = Synth.component; sourceTree = BUILT_PRODUCTS_DIR; };
		46A6DBD50CC640C47333DBF6 /* include_juce_gui_extra.mm */ /* include_juce_gui_extra.mm */ = {isa = PBXFileReference; lastKnownFileType = sourcecode.cpp.objcpp; name = include_juce_gui_extra.mm; path = ../../JuceLibraryCode/include_juce_gui_extra.mm; sourceTree = SOURCE_ROOT; };
		4741FE95AB0192BFD4DFD81A /* include_juce_audio_plugin_client_AU.r */ /* include_juce_audio_plugin_client_AU.r */ = {isa = PBXFileReference; lastKnownFileType = file.r; name = include_juce_audio_plugin_client_AU.r; path = ../../JuceLibraryCode/include_juce_audio_plugin_client_AU.r; sourceTree = SOURCE_ROOT; };
		4F4355FC6740C452ADB93A5E /* include_juce_audio_plugin_client_AU_2.mm */ /* include_juce_audio_plugin_client_AU_2.mm */ = {isa = PBXFileReference; lastKnownFileType = sourcecode.cpp.objcpp; name = include_juce_audio_plugin_client_AU_2.mm; path = ../../JuceLibraryCode/include_juce_audio_plugin_client_AU_2.mm; sourceTree = SOURCE_ROOT; };
		4F4BB73BEABBBCBD6A8CE82A /* Shared Code */ = {isa = PBXFileReference; explicitFileType = archive.ar; includeInIndex = 0; path = libSynth.a; sourceTree = BUILT_PRODUCTS_DIR; };
		508EF5D69E8DBAF77F901F3D /* include_juce_audio_formats.mm */ /* include_juce_audio_formats.mm */ = {isa = PBXFileReference; lastKnownFileType = sourcecode.cpp.objcpp; name = include_juce_audio_formats.mm; path = ../../JuceLibraryCode/include_juce_audio_formats.mm; sourceTree = SOURCE_ROOT; };
		530B3F116222B964447B6548 /* Info-VST3.plist */ /* Info-VST3.plist */ = {isa = PBXFileReference; lastKnownFileType = text.plist.xml; name = "Info-VST3.plist"; path = "Info-VST3.plist"; sourceTree = SOURCE_ROOT; };
		55C768C03102F8DACC496AA6 /* PluginEditor.h */ /* PluginEditor.h */ = {isa = PBXFileReference; lastKnownFileType = sourcecode.c.h; name = PluginEditor.h; path = ../../Source/PluginEditor.h; sourceTree = SOURCE_ROOT; };
		55FD41AEE20A3961FC98B802 /* juce_events */ /* juce_events */ = {isa = PBXFileReference; lastKnownFileType = folder; name = juce_events; path = /Users/kai/JUCE/modules/juce_events; sourceTree = "<absolute>"; };
		56C5D175BBDBFBC3E7CCCB34 /* Foundation.framework */ /* Foundation.framework */ = {isa = PBXFileReference; lastKnownFileType = wrapper.framework; name = Foundation.framework; path = System/Library/Frameworks/Foundation.framework; sourceTree = SDKROOT; };
		5CE6BBAE674E45A3E3DEBFEC /* AudioUnit.framework */ /* AudioUnit.framework */ = {isa = PBXFileReference; lastKnownFileType = wrapper.framework; name = AudioUnit.framework; path = System/Library/Frameworks/AudioUnit.framework; sourceTree = SDKROOT; };
		6066CAFDF548F6046CA0B9BD /* PluginEditor.cpp */ /* PluginEditor.cpp */ = {isa = PBXFileReference; lastKnownFileType = sourcecode.cpp.cpp; name = PluginEditor.cpp; path = ../../Source/PluginEditor.cpp; sourceTree = SOURCE_ROOT; };
		677D982671FC98D9944136D1 /* include_juce_audio_plugin_client_VST_utils.mm */ /* include_juce_audio_plugin_client_VST_utils.mm */ = {isa = PBXFileReference; lastKnownFileType = sourcecode.cpp.objcpp; name = include_juce_audio_plugin_client_VST_utils.mm; path = ../../JuceLibraryCode/include_juce_audio_plugin_client_VST_utils.mm; sourceTree = SOURCE_ROOT; };
		6B444502E4C40640C4485A55 /* CoreAudio.framework */ /* CoreAudio.framework */ = {isa = PBXFileReference; lastKnownFileType = wrapper.framework; name = CoreAudio.framework; path = System/Library/Frameworks/CoreAudio.framework; sourceTree = SDKROOT; };
		6CD4CB65D284CB1158EBDC1E /* juce_dsp */ /* juce_dsp */ = {isa = PBXFileReference; lastKnownFileType = folder; name = juce_dsp; path = /Users/kai/JUCE/modules/juce_dsp; sourceTree = "<absolute>"; };
		6D0281ED2DA48DB93329FA2D /* SynthVoice.cpp */ /* SynthVoice.cpp */ = {isa = PBXFileReference; lastKnownFileType = sourcecode.cpp.cpp; name = SynthVoice.cpp; path = ../../Source/SynthVoice.cpp; sourceTree = SOURCE_ROOT; };
		6DE3D94BB1A700BFF156371F /* JucePluginDefines.h */ /* JucePluginDefines.h */ = {isa = PBXFileReference; lastKnownFileType = sourcecode.c.h; name = JucePluginDefines.h; path = ../../JuceLibraryCode/JucePluginDefines.h; sourceTree = SOURCE_ROOT; };
		73D80D6687A68F589392A6F1 /* juce_core */ /* juce_core */ = {isa = PBXFileReference; lastKnownFileType = folder; name = juce_core; path = /Users/kai/JUCE/modules/juce_core; sourceTree = "<absolute>"; };
		7AA97C7BCA524197BE2D9932 /* include_juce_audio_basics.mm */ /* include_juce_audio_basics.mm */ = {isa = PBXFileReference; lastKnownFileType = sourcecode.cpp.objcpp; name = include_juce_audio_basics.mm; path = ../../JuceLibraryCode/include_juce_audio_basics.mm; sourceTree = SOURCE_ROOT; };
		7C6B60BDFB39DDCD33D6D32E /* juce_audio_formats */ /* juce_audio_formats */ = {isa = PBXFileReference; lastKnownFileType = folder; name = juce_audio_formats; path = /Users/kai/JUCE/modules/juce_audio_formats; sourceTree = "<absolute>"; };
		7FD61851666564FABC28E43B /* include_juce_audio_plugin_client_AU_1.mm */ /* include_juce_audio_plugin_client_AU_1.mm */ = {isa = PBXFileReference; lastKnownFileType = sourcecode.cpp.objcpp; name = include_juce_audio_plugin_client_AU_1.mm; path = ../../JuceLibraryCode/include_juce_audio_plugin_client_AU_1.mm; sourceTree = SOURCE_ROOT; };
		8ADAF40E8D2AC9D7D8BD0353 /* include_juce_events.mm */ /* include_juce_events.mm */ = {isa = PBXFileReference; lastKnownFileType = sourcecode.cpp.objcpp; name = include_juce_events.mm; path = ../../JuceLibraryCode/include_juce_events.mm; sourceTree = SOURCE_ROOT; };
		8C40B53DF9917FD67E137479 /* include_juce_audio_plugin_client_utils.cpp */ /* include_juce_audio_plugin_client_utils.cpp */ = {isa = PBXFileReference; lastKnownFileType = sourcecode.cpp.cpp; name = include_juce_audio_plugin_client_utils.cpp; path = ../../JuceLibraryCode/include_juce_audio_plugin_client_utils.cpp; sourceTree = SOURCE_ROOT; };
		91DF883B23639F59A02976BE /* include_juce_audio_plugin_client_Standalone.cpp */ /* include_juce_audio_plugin_client_Standalone.cpp */ = {isa = PBXFileReference; lastKnownFileType = sourcecode.cpp.cpp; name = include_juce_audio_plugin_client_Standalone.cpp; path = ../../JuceLibraryCode/include_juce_audio_plugin_client_Standalone.cpp; sourceTree = SOURCE_ROOT; };
		92F5569C755E68DDD813D828 /* Carbon.framework */ /* Carbon.framework */ = {isa = PBXFileReference; lastKnownFileType = wrapper.framework; name = Carbon.framework; path = System/Library/Frameworks/Carbon.framework; sourceTree = SDKROOT; };
		978568F7D44CA6B0D74B75E0 /* CoreMIDI.framework */ /* CoreMIDI.framework */ = {isa = PBXFileReference; lastKnownFileType = wrapper.framework; name = CoreMIDI.framework; path = System/Library/Frameworks/CoreMIDI.framework; sourceTree = SDKROOT; };
		B3D81E786F49BAED3A1BA6F9 /* QuartzCore.framework */ /* QuartzCore.framework */ = {isa = PBXFileReference; lastKnownFileType = wrapper.framework; name = QuartzCore.framework; path = System/Library/Frameworks/QuartzCore.framework; sourceTree = SDKROOT; };
		B63AEA41E35CE815C4E83AA9 /* AudioToolbox.framework */ /* AudioToolbox.framework */ = {isa = PBXFileReference; lastKnownFileType = wrapper.framework; name = AudioToolbox.framework; path = System/Library/Frameworks/AudioToolbox.framework; sourceTree = SDKROOT; };
		B8FB6EFE16194F9E487D506B /* include_juce_data_structures.mm */ /* include_juce_data_structures.mm */ = {isa = PBXFileReference; lastKnownFileType = sourcecode.cpp.objcpp; name = include_juce_data_structures.mm; path = ../../JuceLibraryCode/include_juce_data_structures.mm; sourceTree = SOURCE_ROOT; };
		BCAFFC9A3E03A5BB83EC85F7 /* juce_gui_extra */ /* juce_gui_extra */ = {isa = PBXFileReference; lastKnownFileType = folder; name = juce_gui_extra; path = /Users/kai/JUCE/modules/juce_gui_extra; sourceTree = "<absolute>"; };
		BEC17053742DDE2F9AD90E86 /* juce_audio_plugin_client */ /* juce_audio_plugin_client */ = {isa = PBXFileReference; lastKnownFileType = folder; name = juce_audio_plugin_client; path = /Users/kai/JUCE/modules/juce_audio_plugin_client; sourceTree = "<absolute>"; };
		C6F72228AF6A97D04A71C5A5 /* include_juce_gui_basics.mm */ /* include_juce_gui_basics.mm */ = {isa = PBXFileReference; lastKnownFileType = sourcecode.cpp.objcpp; name = include_juce_gui_basics.mm; path = ../../JuceLibraryCode/include_juce_gui_basics.mm; sourceTree = SOURCE_ROOT; };
		C7450E80BA63D7DA07F28111 /* SynthSound.h */ /* SynthSound.h */ = {isa = PBXFileReference; lastKnownFileType = sourcecode.c.h; name = SynthSound.h; path = ../../Source/SynthSound.h; sourceTree = SOURCE_ROOT; };
		C99A184C168894D739461838 /* PluginProcessor.h */ /* PluginProcessor.h */ = {isa = PBXFileReference; lastKnownFileType = sourcecode.c.h; name = PluginProcessor.h; path = ../../Source/PluginProcessor.h; sourceTree = SOURCE_ROOT; };
		CAF3B831A5F59538B98BD5B9 /* SynthVoice.h */ /* SynthVoice.h */ = {isa = PBXFileReference; lastKnownFileType = sourcecode.c.h; name = SynthVoice.h; path = ../../Source/SynthVoice.h; sourceTree = SOURCE_ROOT; };
		CCA6F4261E5B01AE24709081 /* include_juce_audio_devices.mm */ /* include_juce_audio_devices.mm */ = {isa = PBXFileReference; lastKnownFileType = sourcecode.cpp.objcpp; name = include_juce_audio_devices.mm; path = ../../JuceLibraryCode/include_juce_audio_devices.mm; sourceTree = SOURCE_ROOT; };
		CD047CCBF2102D79613A8695 /* Info-Standalone_Plugin.plist */ /* Info-Standalone_Plugin.plist */ = {isa = PBXFileReference; lastKnownFileType = text.plist.xml; name = "Info-Standalone_Plugin.plist"; path = "Info-Standalone_Plugin.plist"; sourceTree = SOURCE_ROOT; };
		CF728D6E444B1534A38B60C2 /* JuceHeader.h */ /* JuceHeader.h */ = {isa = PBXFileReference; lastKnownFileType = sourcecode.c.h; name = JuceHeader.h; path = ../../JuceLibraryCode/JuceHeader.h; sourceTree = SOURCE_ROOT; };
		DCC0FFF411DDDAE4C42A3629 /* juce_data_structures */ /* juce_data_structures */ = {isa = PBXFileReference; lastKnownFileType = folder; name = juce_data_structures; path = /Users/kai/JUCE/modules/juce_data_structures; sourceTree = "<absolute>"; };
		E001C120DAEE7E4BF9706494 /* WebKit.framework */ /* WebKit.framework */ = {isa = PBXFileReference; lastKnownFileType = wrapper.framework; name = WebKit.framework; path = System/Library/Frameworks/WebKit.framework; sourceTree = SDKROOT; };
		E185D8278E81B9463016C44E /* juce_audio_devices */ /* juce_audio_devices */ = {isa = PBXFileReference; lastKnownFileType = folder; name = juce_audio_devices; path = /Users/kai/JUCE/modules/juce_audio_devices; sourceTree = "<absolute>"; };
		E2DE38549D98191BFFB03246 /* juce_audio_utils */ /* juce_audio_utils */ = {isa = PBXFileReference; lastKnownFileType = folder; name = juce_audio_utils; path = /Users/kai/JUCE/modules/juce_audio_utils; sourceTree = "<absolute>"; };
		F3A7FCCF1107BECE4F222071 /* IOKit.framework */ /* IOKit.framework */ = {isa = PBXFileReference; lastKnownFileType = wrapper.framework; name = IOKit.framework; path = System/Library/Frameworks/IOKit.framework; sourceTree = SDKROOT; };
		FCDA16ED3243299F56F95A1A /* VST3 */ = {isa = PBXFileReference; explicitFileType = wrapper.cfbundle; includeInIndex = 0; path = Synth.vst3; sourceTree = BUILT_PRODUCTS_DIR; };
/* End PBXFileReference section */

/* Begin PBXFrameworksBuildPhase section */
		449C9696B95982074E5A932A = {
			isa = PBXFrameworksBuildPhase;
			buildActionMask = 2147483647;
			files = (
				D943FFABFB97906A526656D7,
				9E881A023108061F68E16E0D,
				3B38D57F0E9CE85DA8289FEF,
				15397AED63AD3CEF73429233,
				972B00ED3AA5FB95E61A1D6D,
				67A4D6EB4EDCD841843B8223,
				4F6C3AF2A2305C484C47E887,
				08409E494D4262A1DC4CD1BE,
				07A2A87347DBE57684D9A27B,
				55D9F232F825ACD2A6468DD2,
				E048E7AED27DE76ABFF26C36,
				42B0D37DA983C74865CCEB08,
			);
			runOnlyForDeploymentPostprocessing = 0;
		};
		6D19BFD110B4D3C3F1BBF268 = {
			isa = PBXFrameworksBuildPhase;
			buildActionMask = 2147483647;
			files = (
				F41E1F3AECF121D3B9B54A4D,
				D943FFABFB97906A526656D7,
				9E881A023108061F68E16E0D,
				3B38D57F0E9CE85DA8289FEF,
				15397AED63AD3CEF73429233,
				972B00ED3AA5FB95E61A1D6D,
				67A4D6EB4EDCD841843B8223,
				4F6C3AF2A2305C484C47E887,
				08409E494D4262A1DC4CD1BE,
				07A2A87347DBE57684D9A27B,
				55D9F232F825ACD2A6468DD2,
				E048E7AED27DE76ABFF26C36,
				42B0D37DA983C74865CCEB08,
			);
			runOnlyForDeploymentPostprocessing = 0;
		};
		6FA176C11B3441BBD051B210 = {
			isa = PBXFrameworksBuildPhase;
			buildActionMask = 2147483647;
			files = (
				D943FFABFB97906A526656D7,
				9E881A023108061F68E16E0D,
				3B38D57F0E9CE85DA8289FEF,
				15397AED63AD3CEF73429233,
				972B00ED3AA5FB95E61A1D6D,
				67A4D6EB4EDCD841843B8223,
				4F6C3AF2A2305C484C47E887,
				08409E494D4262A1DC4CD1BE,
				07A2A87347DBE57684D9A27B,
				55D9F232F825ACD2A6468DD2,
				E048E7AED27DE76ABFF26C36,
				42B0D37DA983C74865CCEB08,
			);
			runOnlyForDeploymentPostprocessing = 0;
		};
/* End PBXFrameworksBuildPhase section */

/* Begin PBXGroup section */
		1C19FE5A056FFAC75F9BA847 /* Resources */ = {
			isa = PBXGroup;
			children = (
				530B3F116222B964447B6548,
				3CEF375239C704040F7DE317,
				CD047CCBF2102D79613A8695,
				3E7F5967692D0360B592674B,
			);
			name = Resources;
			sourceTree = "<group>";
		};
		3B0302266D12BA6CFED067B0 /* JUCE Library Code */ = {
			isa = PBXGroup;
			children = (
				7AA97C7BCA524197BE2D9932,
				CCA6F4261E5B01AE24709081,
				508EF5D69E8DBAF77F901F3D,
				4741FE95AB0192BFD4DFD81A,
				7FD61851666564FABC28E43B,
				4F4355FC6740C452ADB93A5E,
				91DF883B23639F59A02976BE,
				8C40B53DF9917FD67E137479,
				677D982671FC98D9944136D1,
				174C7784D8F85173011BCFA2,
				36811B0DB4AD6C5E621E19BA,
				047D691C818061355ADBF873,
				06F78788AB7346D3B9901A83,
				B8FB6EFE16194F9E487D506B,
				1C72ECDB4E452D6506383C8D,
				8ADAF40E8D2AC9D7D8BD0353,
				04828FA604FEAC2903F20707,
				C6F72228AF6A97D04A71C5A5,
				46A6DBD50CC640C47333DBF6,
				CF728D6E444B1534A38B60C2,
				6DE3D94BB1A700BFF156371F,
			);
			name = "JUCE Library Code";
			sourceTree = "<group>";
		};
		5128B2E04B5D1A8BDF68AB3C /* Source */ = {
			isa = PBXGroup;
			children = (
				E74EB8CB2780C0861B5EFB13,
				D01FD7B1DB33792655208D4D,
				3B0302266D12BA6CFED067B0,
				1C19FE5A056FFAC75F9BA847,
				64D7F1E092E303D3EF64B0B2,
				FCC3825EAA50717250187757,
			);
			name = Source;
			sourceTree = "<group>";
		};
		64D7F1E092E303D3EF64B0B2 /* Frameworks */ = {
			isa = PBXGroup;
			children = (
				5CE6BBAE674E45A3E3DEBFEC,
				2DB9BB33189B53FE1A296423,
				B63AEA41E35CE815C4E83AA9,
				92F5569C755E68DDD813D828,
				0B1E948B0683355BA5ACFE87,
				6B444502E4C40640C4485A55,
				11DDCCB1CB585EA8D95B6CFA,
				978568F7D44CA6B0D74B75E0,
				32416AFA53E7A2F5A7720B4C,
				56C5D175BBDBFBC3E7CCCB34,
				F3A7FCCF1107BECE4F222071,
				B3D81E786F49BAED3A1BA6F9,
				E001C120DAEE7E4BF9706494,
			);
			name = Frameworks;
			sourceTree = "<group>";
		};
		B84B672F9732B96DE7676533 /* Source */ = {
			isa = PBXGroup;
			children = (
				25C6E175697C7B2F9028706B,
				C99A184C168894D739461838,
				6066CAFDF548F6046CA0B9BD,
				55C768C03102F8DACC496AA6,
				6D0281ED2DA48DB93329FA2D,
				CAF3B831A5F59538B98BD5B9,
				C7450E80BA63D7DA07F28111,
			);
			name = Source;
			sourceTree = "<group>";
		};
		D01FD7B1DB33792655208D4D /* JUCE Modules */ = {
			isa = PBXGroup;
			children = (
				0535358C9106389917A34E67,
				E185D8278E81B9463016C44E,
				7C6B60BDFB39DDCD33D6D32E,
				BEC17053742DDE2F9AD90E86,
				1EFBFCDFBB146B2778B26670,
				E2DE38549D98191BFFB03246,
				73D80D6687A68F589392A6F1,
				DCC0FFF411DDDAE4C42A3629,
				6CD4CB65D284CB1158EBDC1E,
				55FD41AEE20A3961FC98B802,
				3528280A9783CB96B6E557B5,
				27373D93D6D2CB22C59B8258,
				BCAFFC9A3E03A5BB83EC85F7,
			);
			name = "JUCE Modules";
			sourceTree = "<group>";
		};
		E74EB8CB2780C0861B5EFB13 /* Synth */ = {
			isa = PBXGroup;
			children = (
				B84B672F9732B96DE7676533,
			);
			name = Synth;
			sourceTree = "<group>";
		};
		FCC3825EAA50717250187757 /* Products */ = {
			isa = PBXGroup;
			children = (
				FCDA16ED3243299F56F95A1A,
				416A099FECFDAE58496B4FCC,
				2F59250206CC9F1A6DAAFE0A,
				4F4BB73BEABBBCBD6A8CE82A,
			);
			name = Products;
			sourceTree = "<group>";
		};
/* End PBXGroup section */

/* Begin PBXNativeTarget section */
		037C861BC2CF2F3D2EA816A5 /* Synth - Standalone Plugin */ = {
			isa = PBXNativeTarget;
			buildConfigurationList = 58749339157DABBA645578BC;
			buildPhases = (
				354B6AC132DE654B81988BCB,
				0F08BD1D98C2503604A20B9D,
				6FA176C11B3441BBD051B210,
			);
			buildRules = (
			);
			dependencies = (
				1085B757EFAED71B8DAC2737,
			);
			name = "Synth - Standalone Plugin";
			productName = Synth;
			productReference = 2F59250206CC9F1A6DAAFE0A;
			productType = "com.apple.product-type.application";
		};
		3C4E9CDCC0BFF8BDD908DE15 /* Synth - AU */ = {
			isa = PBXNativeTarget;
			buildConfigurationList = D8F890B608457775A9F1226D;
			buildPhases = (
				9184BA9CD43F73448F8CC446,
				E233D7785EB9B914E53D99C8,
				92ABFE55707839D6DEDE3518,
				6D19BFD110B4D3C3F1BBF268,
			);
			buildRules = (
			);
			dependencies = (
				C53FFA3ABC57BB1D464C3A48,
			);
			name = "Synth - AU";
			productName = Synth;
			productReference = 416A099FECFDAE58496B4FCC;
			productType = "com.apple.product-type.bundle";
		};
		9C43D8DCA928E6BD027AFBD9 /* Synth - VST3 */ = {
			isa = PBXNativeTarget;
			buildConfigurationList = 2FE23788892F6539A9095750;
			buildPhases = (
				292E73D822E446C84E5F6572,
				64C3B6A6CCAD204011E0423B,
				449C9696B95982074E5A932A,
			);
			buildRules = (
			);
			dependencies = (
				C01F89C290EBDEEADD2F458D,
			);
			name = "Synth - VST3";
			productName = Synth;
			productReference = FCDA16ED3243299F56F95A1A;
			productType = "com.apple.product-type.bundle";
		};
		EA79B5A62D5C9B081D96B620 /* Synth - Shared Code */ = {
			isa = PBXNativeTarget;
			buildConfigurationList = B334ACBE830810248F71C3A9;
			buildPhases = (
				DE2C6E2A435364E4119256FF,
			);
			buildRules = (
			);
			dependencies = (
			);
			name = "Synth - Shared Code";
			productName = Synth;
			productReference = 4F4BB73BEABBBCBD6A8CE82A;
			productType = "com.apple.product-type.library.static";
		};
/* End PBXNativeTarget section */

/* Begin PBXProject section */
		60B14E90E7E47EF254AECB52 = {
			isa = PBXProject;
			attributes = {
				LastUpgradeCheck = 1320;
				ORGANIZATIONNAME = "";
				TargetAttributes = {
					037C861BC2CF2F3D2EA816A5 = {
						SystemCapabilities = {
							com.apple.ApplicationGroups.iOS = {
								enabled = 0;
							};
							com.apple.HardenedRuntime = {
								enabled = 0;
							};
							com.apple.InAppPurchase = {
								enabled = 0;
							};
							com.apple.InterAppAudio = {
								enabled = 0;
							};
							com.apple.Push = {
								enabled = 0;
							};
							com.apple.Sandbox = {
								enabled = 0;
							};
						};
					};
					3C4E9CDCC0BFF8BDD908DE15 = {
						SystemCapabilities = {
							com.apple.ApplicationGroups.iOS = {
								enabled = 0;
							};
							com.apple.HardenedRuntime = {
								enabled = 0;
							};
							com.apple.InAppPurchase = {
								enabled = 0;
							};
							com.apple.InterAppAudio = {
								enabled = 0;
							};
							com.apple.Push = {
								enabled = 0;
							};
							com.apple.Sandbox = {
								enabled = 0;
							};
						};
					};
					7025CCE65859C9F8F4635F01 = {
						SystemCapabilities = {
							com.apple.ApplicationGroups.iOS = {
								enabled = 0;
							};
							com.apple.HardenedRuntime = {
								enabled = 0;
							};
							com.apple.InAppPurchase = {
								enabled = 0;
							};
							com.apple.InterAppAudio = {
								enabled = 0;
							};
							com.apple.Push = {
								enabled = 0;
							};
							com.apple.Sandbox = {
								enabled = 0;
							};
						};
					};
					9C43D8DCA928E6BD027AFBD9 = {
						SystemCapabilities = {
							com.apple.ApplicationGroups.iOS = {
								enabled = 0;
							};
							com.apple.HardenedRuntime = {
								enabled = 0;
							};
							com.apple.InAppPurchase = {
								enabled = 0;
							};
							com.apple.InterAppAudio = {
								enabled = 0;
							};
							com.apple.Push = {
								enabled = 0;
							};
							com.apple.Sandbox = {
								enabled = 0;
							};
						};
					};
					EA79B5A62D5C9B081D96B620 = {
						SystemCapabilities = {
							com.apple.ApplicationGroups.iOS = {
								enabled = 0;
							};
							com.apple.HardenedRuntime = {
								enabled = 0;
							};
							com.apple.InAppPurchase = {
								enabled = 0;
							};
							com.apple.InterAppAudio = {
								enabled = 0;
							};
							com.apple.Push = {
								enabled = 0;
							};
							com.apple.Sandbox = {
								enabled = 0;
							};
						};
					};
				};
			};
			buildConfigurationList = EFE26158CE1A1341A412B3A8;
			compatibilityVersion = "Xcode 3.2";
			hasScannedForEncodings = 0;
			knownRegions = (
				en,
				Base,
			);
			mainGroup = 5128B2E04B5D1A8BDF68AB3C;
			projectDirPath = "";
			projectRoot = "";
			targets = (
				7025CCE65859C9F8F4635F01,
				9C43D8DCA928E6BD027AFBD9,
				3C4E9CDCC0BFF8BDD908DE15,
				037C861BC2CF2F3D2EA816A5,
				EA79B5A62D5C9B081D96B620,
			);
		};
/* End PBXProject section */

/* Begin PBXResourcesBuildPhase section */
		292E73D822E446C84E5F6572 = {
			isa = PBXResourcesBuildPhase;
			buildActionMask = 2147483647;
			files = (
				CE7A87D7E17C49941AC3E511,
			);
			runOnlyForDeploymentPostprocessing = 0;
		};
		354B6AC132DE654B81988BCB = {
			isa = PBXResourcesBuildPhase;
			buildActionMask = 2147483647;
			files = (
				CE7A87D7E17C49941AC3E511,
			);
			runOnlyForDeploymentPostprocessing = 0;
		};
		9184BA9CD43F73448F8CC446 = {
			isa = PBXResourcesBuildPhase;
			buildActionMask = 2147483647;
			files = (
				CE7A87D7E17C49941AC3E511,
			);
			runOnlyForDeploymentPostprocessing = 0;
		};
/* End PBXResourcesBuildPhase section */

/* Begin PBXRezBuildPhase section */
		E233D7785EB9B914E53D99C8 = {
			isa = PBXRezBuildPhase;
			buildActionMask = 2147483647;
			files = (
				137E9DE7ABFDFBE00EAA0AB1,
			);
			runOnlyForDeploymentPostprocessing = 0;
		};
/* End PBXRezBuildPhase section */

/* Begin PBXSourcesBuildPhase section */
		0F08BD1D98C2503604A20B9D = {
			isa = PBXSourcesBuildPhase;
			buildActionMask = 2147483647;
			files = (
				8A808B595EB4C4E0CAE85717,
			);
			runOnlyForDeploymentPostprocessing = 0;
		};
		64C3B6A6CCAD204011E0423B = {
			isa = PBXSourcesBuildPhase;
			buildActionMask = 2147483647;
			files = (
				06612B71BA049DAC8D85CD63,
			);
			runOnlyForDeploymentPostprocessing = 0;
		};
		92ABFE55707839D6DEDE3518 = {
			isa = PBXSourcesBuildPhase;
			buildActionMask = 2147483647;
			files = (
				C54E76DFEC37E055D8223743,
				C11694560005EE6980A0C2E5,
			);
			runOnlyForDeploymentPostprocessing = 0;
		};
		DE2C6E2A435364E4119256FF = {
			isa = PBXSourcesBuildPhase;
			buildActionMask = 2147483647;
			files = (
				5CDFDB5556422A82D1F594A3,
				C29FA358E8CA0BFF3DA194D3,
				DBE30FB85CDFCF34F5F00654,
				961228D6BB26D597F0E603F0,
				C7106E890B77DAB26061A75A,
				11B98A05FA2FA87ABA9B2CF6,
				5546EE11E0203F3315B80BB3,
				B599A6D0E9A6B9D1FC3F0CDE,
				0E025FD21D0F434F8BD2A8DC,
				2207CF9E07E9F99D2A191A32,
				234C182CBAF7FAF8EEDF2947,
				ECC998C110655417F009B59F,
				ABD0A5175203B23DB58B118D,
				61F5DB706B770DE9B4017F11,
				6C40E0E1043E3654B8E1E418,
				E376AD2C6ADBB4174B310918,
				2A59E26222308D7336DF15F8,
			);
			runOnlyForDeploymentPostprocessing = 0;
		};
/* End PBXSourcesBuildPhase section */

/* Begin PBXTargetDependency section */
		1085B757EFAED71B8DAC2737 = {
			isa = PBXTargetDependency;
			target = EA79B5A62D5C9B081D96B620;
		};
		2229DAEAAB72949014BBD53B = {
			isa = PBXTargetDependency;
			target = 037C861BC2CF2F3D2EA816A5;
		};
		2644A582A21946DF4C596703 = {
			isa = PBXTargetDependency;
			target = EA79B5A62D5C9B081D96B620;
		};
		65A8F92AEB8C70C0AD8A94CF = {
			isa = PBXTargetDependency;
			target = 9C43D8DCA928E6BD027AFBD9;
		};
		BFCC325D4E3F638D4748F9A8 = {
			isa = PBXTargetDependency;
			target = 3C4E9CDCC0BFF8BDD908DE15;
		};
		C01F89C290EBDEEADD2F458D = {
			isa = PBXTargetDependency;
			target = EA79B5A62D5C9B081D96B620;
		};
		C53FFA3ABC57BB1D464C3A48 = {
			isa = PBXTargetDependency;
			target = EA79B5A62D5C9B081D96B620;
		};
/* End PBXTargetDependency section */

/* Begin XCBuildConfiguration section */
		237600E4C0F1B3178E196B9A /* Debug */ = {
			isa = XCBuildConfiguration;
			buildSettings = {
				CLANG_CXX_LANGUAGE_STANDARD = "c++14";
				CLANG_CXX_LIBRARY = "libc++";
				CLANG_LINK_OBJC_RUNTIME = NO;
				CODE_SIGN_IDENTITY = "";
				COMBINE_HIDPI_IMAGES = YES;
				CONFIGURATION_BUILD_DIR = "$(PROJECT_DIR)/build/$(CONFIGURATION)";
				COPY_PHASE_STRIP = NO;
				EXCLUDED_ARCHS = "";
				GCC_DYNAMIC_NO_PIC = NO;
				GCC_OPTIMIZATION_LEVEL = 0;
				GCC_PREPROCESSOR_DEFINITIONS = (
					"_DEBUG=1",
					"DEBUG=1",
					"JUCE_DISPLAY_SPLASH_SCREEN=0",
					"JUCE_USE_DARK_SPLASH_SCREEN=1",
					"JUCE_PROJUCER_VERSION=0x60104",
					"JUCE_MODULE_AVAILABLE_juce_audio_basics=1",
					"JUCE_MODULE_AVAILABLE_juce_audio_devices=1",
					"JUCE_MODULE_AVAILABLE_juce_audio_formats=1",
					"JUCE_MODULE_AVAILABLE_juce_audio_plugin_client=1",
					"JUCE_MODULE_AVAILABLE_juce_audio_processors=1",
					"JUCE_MODULE_AVAILABLE_juce_audio_utils=1",
					"JUCE_MODULE_AVAILABLE_juce_core=1",
					"JUCE_MODULE_AVAILABLE_juce_data_structures=1",
					"JUCE_MODULE_AVAILABLE_juce_dsp=1",
					"JUCE_MODULE_AVAILABLE_juce_events=1",
					"JUCE_MODULE_AVAILABLE_juce_graphics=1",
					"JUCE_MODULE_AVAILABLE_juce_gui_basics=1",
					"JUCE_MODULE_AVAILABLE_juce_gui_extra=1",
					"JUCE_GLOBAL_MODULE_SETTINGS_INCLUDED=1",
					"JUCE_VST3_CAN_REPLACE_VST2=0",
					"JUCE_STRICT_REFCOUNTEDPOINTER=1",
					"JucePlugin_Build_VST=0",
					"JucePlugin_Build_VST3=0",
					"JucePlugin_Build_AU=0",
					"JucePlugin_Build_AUv3=0",
					"JucePlugin_Build_RTAS=0",
					"JucePlugin_Build_AAX=0",
					"JucePlugin_Build_Standalone=1",
					"JucePlugin_Build_Unity=0",
					"JucePlugin_Enable_IAA=0",
					"JucePlugin_Name=\\\"Synth\\\"",
					"JucePlugin_Desc=\\\"Synth\\\"",
					"JucePlugin_Manufacturer=\\\"yourcompany\\\"",
					"JucePlugin_ManufacturerWebsite=\\\"\\\"",
					"JucePlugin_ManufacturerEmail=\\\"\\\"",
					"JucePlugin_ManufacturerCode=0x4d616e75",
					"JucePlugin_PluginCode=0x45637065",
					"JucePlugin_IsSynth=1",
					"JucePlugin_WantsMidiInput=1",
					"JucePlugin_ProducesMidiOutput=0",
					"JucePlugin_IsMidiEffect=0",
					"JucePlugin_EditorRequiresKeyboardFocus=0",
					"JucePlugin_Version=1.0.0",
					"JucePlugin_VersionCode=0x10000",
					"JucePlugin_VersionString=\\\"1.0.0\\\"",
					"JucePlugin_VSTUniqueID=JucePlugin_PluginCode",
					"JucePlugin_VSTCategory=kPlugCategSynth",
					"JucePlugin_Vst3Category=\\\"Instrument|Synth\\\"",
					"JucePlugin_AUMainType=\\'aumu\\'",
					"JucePlugin_AUSubType=JucePlugin_PluginCode",
					"JucePlugin_AUExportPrefix=SynthAU",
					"JucePlugin_AUExportPrefixQuoted=\\\"SynthAU\\\"",
					"JucePlugin_AUManufacturerCode=JucePlugin_ManufacturerCode",
					"JucePlugin_CFBundleIdentifier=com.yourcompany.Synth",
					"JucePlugin_RTASCategory=2048",
					"JucePlugin_RTASManufacturerCode=JucePlugin_ManufacturerCode",
					"JucePlugin_RTASProductId=JucePlugin_PluginCode",
					"JucePlugin_RTASDisableBypass=0",
					"JucePlugin_RTASDisableMultiMono=0",
					"JucePlugin_AAXIdentifier=com.yourcompany.Synth",
					"JucePlugin_AAXManufacturerCode=JucePlugin_ManufacturerCode",
					"JucePlugin_AAXProductId=JucePlugin_PluginCode",
					"JucePlugin_AAXCategory=2048",
					"JucePlugin_AAXDisableBypass=0",
					"JucePlugin_AAXDisableMultiMono=0",
					"JucePlugin_IAAType=0x61757269",
					"JucePlugin_IAASubType=JucePlugin_PluginCode",
					"JucePlugin_IAAName=\\\"yourcompany:\\ Synth\\\"",
					"JucePlugin_VSTNumMidiInputs=16",
					"JucePlugin_VSTNumMidiOutputs=16",
					"JUCE_STANDALONE_APPLICATION=JucePlugin_Build_Standalone",
					"JUCER_XCODE_MAC_F6D2F4CF=1",
					"JUCE_APP_VERSION=1.0.0",
					"JUCE_APP_VERSION_HEX=0x10000",
				);
				GCC_VERSION = com.apple.compilers.llvm.clang.1_0;
				HEADER_SEARCH_PATHS = (
					"/Users/kai/JUCE/modules/juce_audio_processors/format_types/VST3_SDK",
					"/Applications/JUCE/STeinberg/vst3sdk-master",
					"$(SRCROOT)/../../JuceLibraryCode",
					"/Users/kai/JUCE/modules",
					"/Users/kai/JUCE/modules/juce_audio_plugin_client",
					"$(inherited)",
				);
				INFOPLIST_FILE = Info-Standalone_Plugin.plist;
				INFOPLIST_PREPROCESS = NO;
				MACOSX_DEPLOYMENT_TARGET = 10.11;
				MTL_HEADER_SEARCH_PATHS = "/Users/kai/JUCE/modules/juce_audio_processors/format_types/VST3_SDK /Applications/JUCE/STeinberg/vst3sdk-master $(SRCROOT)/../../JuceLibraryCode /Users/kai/JUCE/modules /Users/kai/JUCE/modules/juce_audio_plugin_client";
				OTHER_LDFLAGS = "-lSynth";
				PRODUCT_BUNDLE_IDENTIFIER = com.yourcompany.Synth;
				PRODUCT_NAME = "Synth";
				USE_HEADERMAP = NO;
				VALID_ARCHS = "i386 x86_64 arm64 arm64e";
			};
			name = Debug;
		};
		426F21A27F87E482C08A3940 /* Debug */ = {
			isa = XCBuildConfiguration;
			buildSettings = {
				MACOSX_DEPLOYMENT_TARGET = 10.11;
				SDKROOT = macosx;
			};
			name = Debug;
		};
		481DB667BFCECBC3E397581A /* Debug */ = {
			isa = XCBuildConfiguration;
			buildSettings = {
				CLANG_CXX_LANGUAGE_STANDARD = "c++14";
				CLANG_CXX_LIBRARY = "libc++";
				CLANG_LINK_OBJC_RUNTIME = NO;
				CODE_SIGN_IDENTITY = "";
				COMBINE_HIDPI_IMAGES = YES;
				CONFIGURATION_BUILD_DIR = "$(PROJECT_DIR)/build/$(CONFIGURATION)";
				COPY_PHASE_STRIP = NO;
				EXCLUDED_ARCHS = "";
				GCC_DYNAMIC_NO_PIC = NO;
				GCC_OPTIMIZATION_LEVEL = 0;
				GCC_PREPROCESSOR_DEFINITIONS = (
					"_DEBUG=1",
					"DEBUG=1",
					"JUCE_DISPLAY_SPLASH_SCREEN=0",
					"JUCE_USE_DARK_SPLASH_SCREEN=1",
					"JUCE_PROJUCER_VERSION=0x60104",
					"JUCE_MODULE_AVAILABLE_juce_audio_basics=1",
					"JUCE_MODULE_AVAILABLE_juce_audio_devices=1",
					"JUCE_MODULE_AVAILABLE_juce_audio_formats=1",
					"JUCE_MODULE_AVAILABLE_juce_audio_plugin_client=1",
					"JUCE_MODULE_AVAILABLE_juce_audio_processors=1",
					"JUCE_MODULE_AVAILABLE_juce_audio_utils=1",
					"JUCE_MODULE_AVAILABLE_juce_core=1",
					"JUCE_MODULE_AVAILABLE_juce_data_structures=1",
					"JUCE_MODULE_AVAILABLE_juce_dsp=1",
					"JUCE_MODULE_AVAILABLE_juce_events=1",
					"JUCE_MODULE_AVAILABLE_juce_graphics=1",
					"JUCE_MODULE_AVAILABLE_juce_gui_basics=1",
					"JUCE_MODULE_AVAILABLE_juce_gui_extra=1",
					"JUCE_GLOBAL_MODULE_SETTINGS_INCLUDED=1",
					"JUCE_VST3_CAN_REPLACE_VST2=0",
					"JUCE_STRICT_REFCOUNTEDPOINTER=1",
					"JucePlugin_Build_VST=0",
					"JucePlugin_Build_VST3=1",
					"JucePlugin_Build_AU=1",
					"JucePlugin_Build_AUv3=0",
					"JucePlugin_Build_RTAS=0",
					"JucePlugin_Build_AAX=0",
					"JucePlugin_Build_Standalone=1",
					"JucePlugin_Build_Unity=0",
					"JucePlugin_Enable_IAA=0",
					"JucePlugin_Name=\\\"Synth\\\"",
					"JucePlugin_Desc=\\\"Synth\\\"",
					"JucePlugin_Manufacturer=\\\"yourcompany\\\"",
					"JucePlugin_ManufacturerWebsite=\\\"\\\"",
					"JucePlugin_ManufacturerEmail=\\\"\\\"",
					"JucePlugin_ManufacturerCode=0x4d616e75",
					"JucePlugin_PluginCode=0x45637065",
					"JucePlugin_IsSynth=1",
					"JucePlugin_WantsMidiInput=1",
					"JucePlugin_ProducesMidiOutput=0",
					"JucePlugin_IsMidiEffect=0",
					"JucePlugin_EditorRequiresKeyboardFocus=0",
					"JucePlugin_Version=1.0.0",
					"JucePlugin_VersionCode=0x10000",
					"JucePlugin_VersionString=\\\"1.0.0\\\"",
					"JucePlugin_VSTUniqueID=JucePlugin_PluginCode",
					"JucePlugin_VSTCategory=kPlugCategSynth",
					"JucePlugin_Vst3Category=\\\"Instrument|Synth\\\"",
					"JucePlugin_AUMainType=\\'aumu\\'",
					"JucePlugin_AUSubType=JucePlugin_PluginCode",
					"JucePlugin_AUExportPrefix=SynthAU",
					"JucePlugin_AUExportPrefixQuoted=\\\"SynthAU\\\"",
					"JucePlugin_AUManufacturerCode=JucePlugin_ManufacturerCode",
					"JucePlugin_CFBundleIdentifier=com.yourcompany.Synth",
					"JucePlugin_RTASCategory=2048",
					"JucePlugin_RTASManufacturerCode=JucePlugin_ManufacturerCode",
					"JucePlugin_RTASProductId=JucePlugin_PluginCode",
					"JucePlugin_RTASDisableBypass=0",
					"JucePlugin_RTASDisableMultiMono=0",
					"JucePlugin_AAXIdentifier=com.yourcompany.Synth",
					"JucePlugin_AAXManufacturerCode=JucePlugin_ManufacturerCode",
					"JucePlugin_AAXProductId=JucePlugin_PluginCode",
					"JucePlugin_AAXCategory=2048",
					"JucePlugin_AAXDisableBypass=0",
					"JucePlugin_AAXDisableMultiMono=0",
					"JucePlugin_IAAType=0x61757269",
					"JucePlugin_IAASubType=JucePlugin_PluginCode",
					"JucePlugin_IAAName=\\\"yourcompany:\\ Synth\\\"",
					"JucePlugin_VSTNumMidiInputs=16",
					"JucePlugin_VSTNumMidiOutputs=16",
					"JUCE_STANDALONE_APPLICATION=JucePlugin_Build_Standalone",
					"JUCER_XCODE_MAC_F6D2F4CF=1",
					"JUCE_APP_VERSION=1.0.0",
					"JUCE_APP_VERSION_HEX=0x10000",
					"JUCE_SHARED_CODE=1",
				);
				GCC_VERSION = com.apple.compilers.llvm.clang.1_0;
				HEADER_SEARCH_PATHS = (
					"/Users/kai/JUCE/modules/juce_audio_processors/format_types/VST3_SDK",
					"/Applications/JUCE/STeinberg/vst3sdk-master",
					"$(SRCROOT)/../../JuceLibraryCode",
					"/Users/kai/JUCE/modules",
					"/Users/kai/JUCE/modules/juce_audio_plugin_client",
					"$(inherited)",
				);
				INSTALL_PATH = "@executable_path/../Frameworks";
				MACOSX_DEPLOYMENT_TARGET = 10.11;
				MTL_HEADER_SEARCH_PATHS = "/Users/kai/JUCE/modules/juce_audio_processors/format_types/VST3_SDK /Applications/JUCE/STeinberg/vst3sdk-master $(SRCROOT)/../../JuceLibraryCode /Users/kai/JUCE/modules /Users/kai/JUCE/modules/juce_audio_plugin_client";
				PRODUCT_BUNDLE_IDENTIFIER = com.yourcompany.Synth;
				PRODUCT_NAME = "Synth";
				SKIP_INSTALL = YES;
				USE_HEADERMAP = NO;
				VALID_ARCHS = "i386 x86_64 arm64 arm64e";
			};
			name = Debug;
		};
		6A7F1597882EA804B1EBC178 /* Release */ = {
			isa = XCBuildConfiguration;
			buildSettings = {
				CLANG_CXX_LANGUAGE_STANDARD = "c++14";
				CLANG_CXX_LIBRARY = "libc++";
				CLANG_LINK_OBJC_RUNTIME = NO;
				CODE_SIGN_IDENTITY = "";
				COMBINE_HIDPI_IMAGES = YES;
				CONFIGURATION_BUILD_DIR = "$(PROJECT_DIR)/build/$(CONFIGURATION)";
				DEAD_CODE_STRIPPING = YES;
				DEPLOYMENT_LOCATION = YES;
				DSTROOT = /;
				EXCLUDED_ARCHS = "";
				GCC_GENERATE_DEBUGGING_SYMBOLS = NO;
				GCC_OPTIMIZATION_LEVEL = 3;
				GCC_PREPROCESSOR_DEFINITIONS = (
					"_NDEBUG=1",
					"NDEBUG=1",
					"JUCE_DISPLAY_SPLASH_SCREEN=0",
					"JUCE_USE_DARK_SPLASH_SCREEN=1",
					"JUCE_PROJUCER_VERSION=0x60104",
					"JUCE_MODULE_AVAILABLE_juce_audio_basics=1",
					"JUCE_MODULE_AVAILABLE_juce_audio_devices=1",
					"JUCE_MODULE_AVAILABLE_juce_audio_formats=1",
					"JUCE_MODULE_AVAILABLE_juce_audio_plugin_client=1",
					"JUCE_MODULE_AVAILABLE_juce_audio_processors=1",
					"JUCE_MODULE_AVAILABLE_juce_audio_utils=1",
					"JUCE_MODULE_AVAILABLE_juce_core=1",
					"JUCE_MODULE_AVAILABLE_juce_data_structures=1",
					"JUCE_MODULE_AVAILABLE_juce_dsp=1",
					"JUCE_MODULE_AVAILABLE_juce_events=1",
					"JUCE_MODULE_AVAILABLE_juce_graphics=1",
					"JUCE_MODULE_AVAILABLE_juce_gui_basics=1",
					"JUCE_MODULE_AVAILABLE_juce_gui_extra=1",
					"JUCE_GLOBAL_MODULE_SETTINGS_INCLUDED=1",
					"JUCE_VST3_CAN_REPLACE_VST2=0",
					"JUCE_STRICT_REFCOUNTEDPOINTER=1",
					"JucePlugin_Build_VST=0",
					"JucePlugin_Build_VST3=1",
					"JucePlugin_Build_AU=0",
					"JucePlugin_Build_AUv3=0",
					"JucePlugin_Build_RTAS=0",
					"JucePlugin_Build_AAX=0",
					"JucePlugin_Build_Standalone=0",
					"JucePlugin_Build_Unity=0",
					"JucePlugin_Enable_IAA=0",
					"JucePlugin_Name=\\\"Synth\\\"",
					"JucePlugin_Desc=\\\"Synth\\\"",
					"JucePlugin_Manufacturer=\\\"yourcompany\\\"",
					"JucePlugin_ManufacturerWebsite=\\\"\\\"",
					"JucePlugin_ManufacturerEmail=\\\"\\\"",
					"JucePlugin_ManufacturerCode=0x4d616e75",
					"JucePlugin_PluginCode=0x45637065",
					"JucePlugin_IsSynth=1",
					"JucePlugin_WantsMidiInput=1",
					"JucePlugin_ProducesMidiOutput=0",
					"JucePlugin_IsMidiEffect=0",
					"JucePlugin_EditorRequiresKeyboardFocus=0",
					"JucePlugin_Version=1.0.0",
					"JucePlugin_VersionCode=0x10000",
					"JucePlugin_VersionString=\\\"1.0.0\\\"",
					"JucePlugin_VSTUniqueID=JucePlugin_PluginCode",
					"JucePlugin_VSTCategory=kPlugCategSynth",
					"JucePlugin_Vst3Category=\\\"Instrument|Synth\\\"",
					"JucePlugin_AUMainType=\\'aumu\\'",
					"JucePlugin_AUSubType=JucePlugin_PluginCode",
					"JucePlugin_AUExportPrefix=SynthAU",
					"JucePlugin_AUExportPrefixQuoted=\\\"SynthAU\\\"",
					"JucePlugin_AUManufacturerCode=JucePlugin_ManufacturerCode",
					"JucePlugin_CFBundleIdentifier=com.yourcompany.Synth",
					"JucePlugin_RTASCategory=2048",
					"JucePlugin_RTASManufacturerCode=JucePlugin_ManufacturerCode",
					"JucePlugin_RTASProductId=JucePlugin_PluginCode",
					"JucePlugin_RTASDisableBypass=0",
					"JucePlugin_RTASDisableMultiMono=0",
					"JucePlugin_AAXIdentifier=com.yourcompany.Synth",
					"JucePlugin_AAXManufacturerCode=JucePlugin_ManufacturerCode",
					"JucePlugin_AAXProductId=JucePlugin_PluginCode",
					"JucePlugin_AAXCategory=2048",
					"JucePlugin_AAXDisableBypass=0",
					"JucePlugin_AAXDisableMultiMono=0",
					"JucePlugin_IAAType=0x61757269",
					"JucePlugin_IAASubType=JucePlugin_PluginCode",
					"JucePlugin_IAAName=\\\"yourcompany:\\ Synth\\\"",
					"JucePlugin_VSTNumMidiInputs=16",
					"JucePlugin_VSTNumMidiOutputs=16",
					"JUCE_STANDALONE_APPLICATION=JucePlugin_Build_Standalone",
					"JUCER_XCODE_MAC_F6D2F4CF=1",
					"JUCE_APP_VERSION=1.0.0",
					"JUCE_APP_VERSION_HEX=0x10000",
				);
				GCC_VERSION = com.apple.compilers.llvm.clang.1_0;
				GENERATE_PKGINFO_FILE = YES;
				HEADER_SEARCH_PATHS = (
					"/Users/kai/JUCE/modules/juce_audio_processors/format_types/VST3_SDK",
					"/Applications/JUCE/STeinberg/vst3sdk-master",
					"$(SRCROOT)/../../JuceLibraryCode",
					"/Users/kai/JUCE/modules",
					"/Users/kai/JUCE/modules/juce_audio_plugin_client",
					"$(inherited)",
				);
				INFOPLIST_FILE = Info-VST3.plist;
				INFOPLIST_PREPROCESS = NO;
				INSTALL_PATH = "$(HOME)/Library/Audio/Plug-Ins/VST3/";
				LIBRARY_STYLE = Bundle;
				LLVM_LTO = YES;
				MACOSX_DEPLOYMENT_TARGET = 10.11;
				MTL_HEADER_SEARCH_PATHS = "/Users/kai/JUCE/modules/juce_audio_processors/format_types/VST3_SDK /Applications/JUCE/STeinberg/vst3sdk-master $(SRCROOT)/../../JuceLibraryCode /Users/kai/JUCE/modules /Users/kai/JUCE/modules/juce_audio_plugin_client";
				OTHER_LDFLAGS = "-bundle -lSynth";
				PRODUCT_BUNDLE_IDENTIFIER = com.yourcompany.Synth;
				PRODUCT_NAME = "Synth";
				USE_HEADERMAP = NO;
				VALID_ARCHS = "i386 x86_64 arm64 arm64e";
				WRAPPER_EXTENSION = vst3;
			};
			name = Release;
		};
		87BB4AF774F2C14DCB518C50 /* Release */ = {
			isa = XCBuildConfiguration;
			buildSettings = {
				CLANG_CXX_LANGUAGE_STANDARD = "c++14";
				CLANG_CXX_LIBRARY = "libc++";
				CLANG_LINK_OBJC_RUNTIME = NO;
				CODE_SIGN_IDENTITY = "";
				COMBINE_HIDPI_IMAGES = YES;
				CONFIGURATION_BUILD_DIR = "$(PROJECT_DIR)/build/$(CONFIGURATION)";
				DEAD_CODE_STRIPPING = YES;
				EXCLUDED_ARCHS = "";
				GCC_GENERATE_DEBUGGING_SYMBOLS = NO;
				GCC_OPTIMIZATION_LEVEL = 3;
				GCC_PREPROCESSOR_DEFINITIONS = (
					"_NDEBUG=1",
					"NDEBUG=1",
					"JUCE_DISPLAY_SPLASH_SCREEN=0",
					"JUCE_USE_DARK_SPLASH_SCREEN=1",
					"JUCE_PROJUCER_VERSION=0x60104",
					"JUCE_MODULE_AVAILABLE_juce_audio_basics=1",
					"JUCE_MODULE_AVAILABLE_juce_audio_devices=1",
					"JUCE_MODULE_AVAILABLE_juce_audio_formats=1",
					"JUCE_MODULE_AVAILABLE_juce_audio_plugin_client=1",
					"JUCE_MODULE_AVAILABLE_juce_audio_processors=1",
					"JUCE_MODULE_AVAILABLE_juce_audio_utils=1",
					"JUCE_MODULE_AVAILABLE_juce_core=1",
					"JUCE_MODULE_AVAILABLE_juce_data_structures=1",
					"JUCE_MODULE_AVAILABLE_juce_dsp=1",
					"JUCE_MODULE_AVAILABLE_juce_events=1",
					"JUCE_MODULE_AVAILABLE_juce_graphics=1",
					"JUCE_MODULE_AVAILABLE_juce_gui_basics=1",
					"JUCE_MODULE_AVAILABLE_juce_gui_extra=1",
					"JUCE_GLOBAL_MODULE_SETTINGS_INCLUDED=1",
					"JUCE_VST3_CAN_REPLACE_VST2=0",
					"JUCE_STRICT_REFCOUNTEDPOINTER=1",
					"JucePlugin_Build_VST=0",
					"JucePlugin_Build_VST3=1",
					"JucePlugin_Build_AU=1",
					"JucePlugin_Build_AUv3=0",
					"JucePlugin_Build_RTAS=0",
					"JucePlugin_Build_AAX=0",
					"JucePlugin_Build_Standalone=1",
					"JucePlugin_Build_Unity=0",
					"JucePlugin_Enable_IAA=0",
					"JucePlugin_Name=\\\"Synth\\\"",
					"JucePlugin_Desc=\\\"Synth\\\"",
					"JucePlugin_Manufacturer=\\\"yourcompany\\\"",
					"JucePlugin_ManufacturerWebsite=\\\"\\\"",
					"JucePlugin_ManufacturerEmail=\\\"\\\"",
					"JucePlugin_ManufacturerCode=0x4d616e75",
					"JucePlugin_PluginCode=0x45637065",
					"JucePlugin_IsSynth=1",
					"JucePlugin_WantsMidiInput=1",
					"JucePlugin_ProducesMidiOutput=0",
					"JucePlugin_IsMidiEffect=0",
					"JucePlugin_EditorRequiresKeyboardFocus=0",
					"JucePlugin_Version=1.0.0",
					"JucePlugin_VersionCode=0x10000",
					"JucePlugin_VersionString=\\\"1.0.0\\\"",
					"JucePlugin_VSTUniqueID=JucePlugin_PluginCode",
					"JucePlugin_VSTCategory=kPlugCategSynth",
					"JucePlugin_Vst3Category=\\\"Instrument|Synth\\\"",
					"JucePlugin_AUMainType=\\'aumu\\'",
					"JucePlugin_AUSubType=JucePlugin_PluginCode",
					"JucePlugin_AUExportPrefix=SynthAU",
					"JucePlugin_AUExportPrefixQuoted=\\\"SynthAU\\\"",
					"JucePlugin_AUManufacturerCode=JucePlugin_ManufacturerCode",
					"JucePlugin_CFBundleIdentifier=com.yourcompany.Synth",
					"JucePlugin_RTASCategory=2048",
					"JucePlugin_RTASManufacturerCode=JucePlugin_ManufacturerCode",
					"JucePlugin_RTASProductId=JucePlugin_PluginCode",
					"JucePlugin_RTASDisableBypass=0",
					"JucePlugin_RTASDisableMultiMono=0",
					"JucePlugin_AAXIdentifier=com.yourcompany.Synth",
					"JucePlugin_AAXManufacturerCode=JucePlugin_ManufacturerCode",
					"JucePlugin_AAXProductId=JucePlugin_PluginCode",
					"JucePlugin_AAXCategory=2048",
					"JucePlugin_AAXDisableBypass=0",
					"JucePlugin_AAXDisableMultiMono=0",
					"JucePlugin_IAAType=0x61757269",
					"JucePlugin_IAASubType=JucePlugin_PluginCode",
					"JucePlugin_IAAName=\\\"yourcompany:\\ Synth\\\"",
					"JucePlugin_VSTNumMidiInputs=16",
					"JucePlugin_VSTNumMidiOutputs=16",
					"JUCE_STANDALONE_APPLICATION=JucePlugin_Build_Standalone",
					"JUCER_XCODE_MAC_F6D2F4CF=1",
					"JUCE_APP_VERSION=1.0.0",
					"JUCE_APP_VERSION_HEX=0x10000",
					"JUCE_SHARED_CODE=1",
				);
				GCC_VERSION = com.apple.compilers.llvm.clang.1_0;
				HEADER_SEARCH_PATHS = (
					"/Users/kai/JUCE/modules/juce_audio_processors/format_types/VST3_SDK",
					"/Applications/JUCE/STeinberg/vst3sdk-master",
					"$(SRCROOT)/../../JuceLibraryCode",
					"/Users/kai/JUCE/modules",
					"/Users/kai/JUCE/modules/juce_audio_plugin_client",
					"$(inherited)",
				);
				INSTALL_PATH = "@executable_path/../Frameworks";
				LLVM_LTO = YES;
				MACOSX_DEPLOYMENT_TARGET = 10.11;
				MTL_HEADER_SEARCH_PATHS = "/Users/kai/JUCE/modules/juce_audio_processors/format_types/VST3_SDK /Applications/JUCE/STeinberg/vst3sdk-master $(SRCROOT)/../../JuceLibraryCode /Users/kai/JUCE/modules /Users/kai/JUCE/modules/juce_audio_plugin_client";
				PRODUCT_BUNDLE_IDENTIFIER = com.yourcompany.Synth;
				PRODUCT_NAME = "Synth";
				SKIP_INSTALL = YES;
				USE_HEADERMAP = NO;
				VALID_ARCHS = "i386 x86_64 arm64 arm64e";
			};
			name = Release;
		};
		9178F8DD82845679DA9B112E /* Release */ = {
			isa = XCBuildConfiguration;
			buildSettings = {
				MACOSX_DEPLOYMENT_TARGET = 10.11;
				SDKROOT = macosx;
			};
			name = Release;
		};
		9294176FB49D000126727962 /* Debug */ = {
			isa = XCBuildConfiguration;
			buildSettings = {
				ALWAYS_SEARCH_USER_PATHS = NO;
				CLANG_ENABLE_OBJC_WEAK = YES;
				CLANG_WARN_BLOCK_CAPTURE_AUTORELEASING = YES;
				CLANG_WARN_BOOL_CONVERSION = YES;
				CLANG_WARN_COMMA = YES;
				CLANG_WARN_CONSTANT_CONVERSION = YES;
				CLANG_WARN_DEPRECATED_OBJC_IMPLEMENTATIONS = YES;
				CLANG_WARN_EMPTY_BODY = YES;
				CLANG_WARN_ENUM_CONVERSION = YES;
				CLANG_WARN_INFINITE_RECURSION = YES;
				CLANG_WARN_INT_CONVERSION = YES;
				CLANG_WARN_NON_LITERAL_NULL_CONVERSION = YES;
				CLANG_WARN_OBJC_IMPLICIT_RETAIN_SELF = YES;
				CLANG_WARN_OBJC_LITERAL_CONVERSION = YES;
				CLANG_WARN_RANGE_LOOP_ANALYSIS = YES;
				CLANG_WARN_STRICT_PROTOTYPES = YES;
				CLANG_WARN_SUSPICIOUS_MOVE = YES;
				CLANG_WARN_UNREACHABLE_CODE = YES;
				CLANG_WARN__DUPLICATE_METHOD_MATCH = YES;
				CODE_SIGN_IDENTITY = "";
				DEBUG_INFORMATION_FORMAT = dwarf;
				ENABLE_STRICT_OBJC_MSGSEND = YES;
				ENABLE_TESTABILITY = NO;
				GCC_C_LANGUAGE_STANDARD = c11;
				GCC_INLINES_ARE_PRIVATE_EXTERN = YES;
				GCC_MODEL_TUNING = G5;
				GCC_NO_COMMON_BLOCKS = YES;
				GCC_SYMBOLS_PRIVATE_EXTERN = YES;
				GCC_WARN_64_TO_32_BIT_CONVERSION = YES;
				GCC_WARN_ABOUT_RETURN_TYPE = YES;
				GCC_WARN_CHECK_SWITCH_STATEMENTS = YES;
				GCC_WARN_MISSING_PARENTHESES = YES;
				GCC_WARN_NON_VIRTUAL_DESTRUCTOR = YES;
				GCC_WARN_TYPECHECK_CALLS_TO_PRINTF = YES;
				GCC_WARN_UNDECLARED_SELECTOR = YES;
				GCC_WARN_UNINITIALIZED_AUTOS = YES;
				GCC_WARN_UNUSED_FUNCTION = YES;
				GCC_WARN_UNUSED_VARIABLE = YES;
				ONLY_ACTIVE_ARCH = YES;
				PRODUCT_NAME = "Synth";
				SDKROOT = macosx;
				WARNING_CFLAGS = "-Wreorder";
				ZERO_LINK = NO;
			};
			name = Debug;
		};
		A01A90BE85685C474C7B0757 /* Debug */ = {
			isa = XCBuildConfiguration;
			buildSettings = {
				CLANG_CXX_LANGUAGE_STANDARD = "c++14";
				CLANG_CXX_LIBRARY = "libc++";
				CLANG_LINK_OBJC_RUNTIME = NO;
				CODE_SIGN_IDENTITY = "";
				COMBINE_HIDPI_IMAGES = YES;
				CONFIGURATION_BUILD_DIR = "$(PROJECT_DIR)/build/$(CONFIGURATION)";
				COPY_PHASE_STRIP = NO;
				DEPLOYMENT_LOCATION = YES;
				DSTROOT = /;
				EXCLUDED_ARCHS = "";
				GCC_DYNAMIC_NO_PIC = NO;
				GCC_OPTIMIZATION_LEVEL = 0;
				GCC_PREPROCESSOR_DEFINITIONS = (
					"_DEBUG=1",
					"DEBUG=1",
					"JUCE_DISPLAY_SPLASH_SCREEN=0",
					"JUCE_USE_DARK_SPLASH_SCREEN=1",
					"JUCE_PROJUCER_VERSION=0x60104",
					"JUCE_MODULE_AVAILABLE_juce_audio_basics=1",
					"JUCE_MODULE_AVAILABLE_juce_audio_devices=1",
					"JUCE_MODULE_AVAILABLE_juce_audio_formats=1",
					"JUCE_MODULE_AVAILABLE_juce_audio_plugin_client=1",
					"JUCE_MODULE_AVAILABLE_juce_audio_processors=1",
					"JUCE_MODULE_AVAILABLE_juce_audio_utils=1",
					"JUCE_MODULE_AVAILABLE_juce_core=1",
					"JUCE_MODULE_AVAILABLE_juce_data_structures=1",
					"JUCE_MODULE_AVAILABLE_juce_dsp=1",
					"JUCE_MODULE_AVAILABLE_juce_events=1",
					"JUCE_MODULE_AVAILABLE_juce_graphics=1",
					"JUCE_MODULE_AVAILABLE_juce_gui_basics=1",
					"JUCE_MODULE_AVAILABLE_juce_gui_extra=1",
					"JUCE_GLOBAL_MODULE_SETTINGS_INCLUDED=1",
					"JUCE_VST3_CAN_REPLACE_VST2=0",
					"JUCE_STRICT_REFCOUNTEDPOINTER=1",
					"JucePlugin_Build_VST=0",
					"JucePlugin_Build_VST3=0",
					"JucePlugin_Build_AU=1",
					"JucePlugin_Build_AUv3=0",
					"JucePlugin_Build_RTAS=0",
					"JucePlugin_Build_AAX=0",
					"JucePlugin_Build_Standalone=0",
					"JucePlugin_Build_Unity=0",
					"JucePlugin_Enable_IAA=0",
					"JucePlugin_Name=\\\"Synth\\\"",
					"JucePlugin_Desc=\\\"Synth\\\"",
					"JucePlugin_Manufacturer=\\\"yourcompany\\\"",
					"JucePlugin_ManufacturerWebsite=\\\"\\\"",
					"JucePlugin_ManufacturerEmail=\\\"\\\"",
					"JucePlugin_ManufacturerCode=0x4d616e75",
					"JucePlugin_PluginCode=0x45637065",
					"JucePlugin_IsSynth=1",
					"JucePlugin_WantsMidiInput=1",
					"JucePlugin_ProducesMidiOutput=0",
					"JucePlugin_IsMidiEffect=0",
					"JucePlugin_EditorRequiresKeyboardFocus=0",
					"JucePlugin_Version=1.0.0",
					"JucePlugin_VersionCode=0x10000",
					"JucePlugin_VersionString=\\\"1.0.0\\\"",
					"JucePlugin_VSTUniqueID=JucePlugin_PluginCode",
					"JucePlugin_VSTCategory=kPlugCategSynth",
					"JucePlugin_Vst3Category=\\\"Instrument|Synth\\\"",
					"JucePlugin_AUMainType=\\'aumu\\'",
					"JucePlugin_AUSubType=JucePlugin_PluginCode",
					"JucePlugin_AUExportPrefix=SynthAU",
					"JucePlugin_AUExportPrefixQuoted=\\\"SynthAU\\\"",
					"JucePlugin_AUManufacturerCode=JucePlugin_ManufacturerCode",
					"JucePlugin_CFBundleIdentifier=com.yourcompany.Synth",
					"JucePlugin_RTASCategory=2048",
					"JucePlugin_RTASManufacturerCode=JucePlugin_ManufacturerCode",
					"JucePlugin_RTASProductId=JucePlugin_PluginCode",
					"JucePlugin_RTASDisableBypass=0",
					"JucePlugin_RTASDisableMultiMono=0",
					"JucePlugin_AAXIdentifier=com.yourcompany.Synth",
					"JucePlugin_AAXManufacturerCode=JucePlugin_ManufacturerCode",
					"JucePlugin_AAXProductId=JucePlugin_PluginCode",
					"JucePlugin_AAXCategory=2048",
					"JucePlugin_AAXDisableBypass=0",
					"JucePlugin_AAXDisableMultiMono=0",
					"JucePlugin_IAAType=0x61757269",
					"JucePlugin_IAASubType=JucePlugin_PluginCode",
					"JucePlugin_IAAName=\\\"yourcompany:\\ Synth\\\"",
					"JucePlugin_VSTNumMidiInputs=16",
					"JucePlugin_VSTNumMidiOutputs=16",
					"JUCE_STANDALONE_APPLICATION=JucePlugin_Build_Standalone",
					"JUCER_XCODE_MAC_F6D2F4CF=1",
					"JUCE_APP_VERSION=1.0.0",
					"JUCE_APP_VERSION_HEX=0x10000",
				);
				GCC_VERSION = com.apple.compilers.llvm.clang.1_0;
				GENERATE_PKGINFO_FILE = YES;
				HEADER_SEARCH_PATHS = (
					"/Users/kai/JUCE/modules/juce_audio_processors/format_types/VST3_SDK",
					"/Applications/JUCE/STeinberg/vst3sdk-master",
					"$(SRCROOT)/../../JuceLibraryCode",
					"/Users/kai/JUCE/modules",
					"/Users/kai/JUCE/modules/juce_audio_plugin_client",
					"$(inherited)",
				);
				INFOPLIST_FILE = Info-AU.plist;
				INFOPLIST_PREPROCESS = NO;
				INSTALL_PATH = "$(HOME)/Library/Audio/Plug-Ins/Components/";
				LIBRARY_STYLE = Bundle;
				MACOSX_DEPLOYMENT_TARGET = 10.11;
				MTL_HEADER_SEARCH_PATHS = "/Users/kai/JUCE/modules/juce_audio_processors/format_types/VST3_SDK /Applications/JUCE/STeinberg/vst3sdk-master $(SRCROOT)/../../JuceLibraryCode /Users/kai/JUCE/modules /Users/kai/JUCE/modules/juce_audio_plugin_client";
				OTHER_LDFLAGS = "-bundle -lSynth";
				OTHER_REZFLAGS = "-d ppc_$ppc -d i386_$i386 -d ppc64_$ppc64 -d x86_64_$x86_64 -d arm64_$arm64 -I /System/Library/Frameworks/CoreServices.framework/Frameworks/CarbonCore.framework/Versions/A/Headers -I \"$(DEVELOPER_DIR)/Extras/CoreAudio/AudioUnits/AUPublic/AUBase\" -I \"$(DEVELOPER_DIR)/Platforms/MacOSX.platform/Developer/SDKs/MacOSX.sdk/System/Library/Frameworks/AudioUnit.framework/Headers\"";
				PRODUCT_BUNDLE_IDENTIFIER = com.yourcompany.Synth;
				PRODUCT_NAME = "Synth";
				USE_HEADERMAP = NO;
				VALID_ARCHS = "i386 x86_64 arm64 arm64e";
				WRAPPER_EXTENSION = component;
			};
			name = Debug;
		};
		C419D59F6E85BB34E018B4BC /* Release */ = {
			isa = XCBuildConfiguration;
			buildSettings = {
				CLANG_CXX_LANGUAGE_STANDARD = "c++14";
				CLANG_CXX_LIBRARY = "libc++";
				CLANG_LINK_OBJC_RUNTIME = NO;
				CODE_SIGN_IDENTITY = "";
				COMBINE_HIDPI_IMAGES = YES;
				CONFIGURATION_BUILD_DIR = "$(PROJECT_DIR)/build/$(CONFIGURATION)";
				DEAD_CODE_STRIPPING = YES;
				EXCLUDED_ARCHS = "";
				GCC_GENERATE_DEBUGGING_SYMBOLS = NO;
				GCC_OPTIMIZATION_LEVEL = 3;
				GCC_PREPROCESSOR_DEFINITIONS = (
					"_NDEBUG=1",
					"NDEBUG=1",
					"JUCE_DISPLAY_SPLASH_SCREEN=0",
					"JUCE_USE_DARK_SPLASH_SCREEN=1",
					"JUCE_PROJUCER_VERSION=0x60104",
					"JUCE_MODULE_AVAILABLE_juce_audio_basics=1",
					"JUCE_MODULE_AVAILABLE_juce_audio_devices=1",
					"JUCE_MODULE_AVAILABLE_juce_audio_formats=1",
					"JUCE_MODULE_AVAILABLE_juce_audio_plugin_client=1",
					"JUCE_MODULE_AVAILABLE_juce_audio_processors=1",
					"JUCE_MODULE_AVAILABLE_juce_audio_utils=1",
					"JUCE_MODULE_AVAILABLE_juce_core=1",
					"JUCE_MODULE_AVAILABLE_juce_data_structures=1",
					"JUCE_MODULE_AVAILABLE_juce_dsp=1",
					"JUCE_MODULE_AVAILABLE_juce_events=1",
					"JUCE_MODULE_AVAILABLE_juce_graphics=1",
					"JUCE_MODULE_AVAILABLE_juce_gui_basics=1",
					"JUCE_MODULE_AVAILABLE_juce_gui_extra=1",
					"JUCE_GLOBAL_MODULE_SETTINGS_INCLUDED=1",
					"JUCE_VST3_CAN_REPLACE_VST2=0",
					"JUCE_STRICT_REFCOUNTEDPOINTER=1",
					"JucePlugin_Build_VST=0",
					"JucePlugin_Build_VST3=0",
					"JucePlugin_Build_AU=0",
					"JucePlugin_Build_AUv3=0",
					"JucePlugin_Build_RTAS=0",
					"JucePlugin_Build_AAX=0",
					"JucePlugin_Build_Standalone=1",
					"JucePlugin_Build_Unity=0",
					"JucePlugin_Enable_IAA=0",
					"JucePlugin_Name=\\\"Synth\\\"",
					"JucePlugin_Desc=\\\"Synth\\\"",
					"JucePlugin_Manufacturer=\\\"yourcompany\\\"",
					"JucePlugin_ManufacturerWebsite=\\\"\\\"",
					"JucePlugin_ManufacturerEmail=\\\"\\\"",
					"JucePlugin_ManufacturerCode=0x4d616e75",
					"JucePlugin_PluginCode=0x45637065",
					"JucePlugin_IsSynth=1",
					"JucePlugin_WantsMidiInput=1",
					"JucePlugin_ProducesMidiOutput=0",
					"JucePlugin_IsMidiEffect=0",
					"JucePlugin_EditorRequiresKeyboardFocus=0",
					"JucePlugin_Version=1.0.0",
					"JucePlugin_VersionCode=0x10000",
					"JucePlugin_VersionString=\\\"1.0.0\\\"",
					"JucePlugin_VSTUniqueID=JucePlugin_PluginCode",
					"JucePlugin_VSTCategory=kPlugCategSynth",
					"JucePlugin_Vst3Category=\\\"Instrument|Synth\\\"",
					"JucePlugin_AUMainType=\\'aumu\\'",
					"JucePlugin_AUSubType=JucePlugin_PluginCode",
					"JucePlugin_AUExportPrefix=SynthAU",
					"JucePlugin_AUExportPrefixQuoted=\\\"SynthAU\\\"",
					"JucePlugin_AUManufacturerCode=JucePlugin_ManufacturerCode",
					"JucePlugin_CFBundleIdentifier=com.yourcompany.Synth",
					"JucePlugin_RTASCategory=2048",
					"JucePlugin_RTASManufacturerCode=JucePlugin_ManufacturerCode",
					"JucePlugin_RTASProductId=JucePlugin_PluginCode",
					"JucePlugin_RTASDisableBypass=0",
					"JucePlugin_RTASDisableMultiMono=0",
					"JucePlugin_AAXIdentifier=com.yourcompany.Synth",
					"JucePlugin_AAXManufacturerCode=JucePlugin_ManufacturerCode",
					"JucePlugin_AAXProductId=JucePlugin_PluginCode",
					"JucePlugin_AAXCategory=2048",
					"JucePlugin_AAXDisableBypass=0",
					"JucePlugin_AAXDisableMultiMono=0",
					"JucePlugin_IAAType=0x61757269",
					"JucePlugin_IAASubType=JucePlugin_PluginCode",
					"JucePlugin_IAAName=\\\"yourcompany:\\ Synth\\\"",
					"JucePlugin_VSTNumMidiInputs=16",
					"JucePlugin_VSTNumMidiOutputs=16",
					"JUCE_STANDALONE_APPLICATION=JucePlugin_Build_Standalone",
					"JUCER_XCODE_MAC_F6D2F4CF=1",
					"JUCE_APP_VERSION=1.0.0",
					"JUCE_APP_VERSION_HEX=0x10000",
				);
				GCC_VERSION = com.apple.compilers.llvm.clang.1_0;
				HEADER_SEARCH_PATHS = (
					"/Users/kai/JUCE/modules/juce_audio_processors/format_types/VST3_SDK",
					"/Applications/JUCE/STeinberg/vst3sdk-master",
					"$(SRCROOT)/../../JuceLibraryCode",
					"/Users/kai/JUCE/modules",
					"/Users/kai/JUCE/modules/juce_audio_plugin_client",
					"$(inherited)",
				);
				INFOPLIST_FILE = Info-Standalone_Plugin.plist;
				INFOPLIST_PREPROCESS = NO;
				LLVM_LTO = YES;
				MACOSX_DEPLOYMENT_TARGET = 10.11;
				MTL_HEADER_SEARCH_PATHS = "/Users/kai/JUCE/modules/juce_audio_processors/format_types/VST3_SDK /Applications/JUCE/STeinberg/vst3sdk-master $(SRCROOT)/../../JuceLibraryCode /Users/kai/JUCE/modules /Users/kai/JUCE/modules/juce_audio_plugin_client";
				OTHER_LDFLAGS = "-lSynth";
				PRODUCT_BUNDLE_IDENTIFIER = com.yourcompany.Synth;
				PRODUCT_NAME = "Synth";
				USE_HEADERMAP = NO;
				VALID_ARCHS = "i386 x86_64 arm64 arm64e";
			};
			name = Release;
		};
		E1EAE2869B44F20124357AB9 /* Release */ = {
			isa = XCBuildConfiguration;
			buildSettings = {
				ALWAYS_SEARCH_USER_PATHS = NO;
				CLANG_ENABLE_OBJC_WEAK = YES;
				CLANG_WARN_BLOCK_CAPTURE_AUTORELEASING = YES;
				CLANG_WARN_BOOL_CONVERSION = YES;
				CLANG_WARN_COMMA = YES;
				CLANG_WARN_CONSTANT_CONVERSION = YES;
				CLANG_WARN_DEPRECATED_OBJC_IMPLEMENTATIONS = YES;
				CLANG_WARN_EMPTY_BODY = YES;
				CLANG_WARN_ENUM_CONVERSION = YES;
				CLANG_WARN_INFINITE_RECURSION = YES;
				CLANG_WARN_INT_CONVERSION = YES;
				CLANG_WARN_NON_LITERAL_NULL_CONVERSION = YES;
				CLANG_WARN_OBJC_IMPLICIT_RETAIN_SELF = YES;
				CLANG_WARN_OBJC_LITERAL_CONVERSION = YES;
				CLANG_WARN_RANGE_LOOP_ANALYSIS = YES;
				CLANG_WARN_STRICT_PROTOTYPES = YES;
				CLANG_WARN_SUSPICIOUS_MOVE = YES;
				CLANG_WARN_UNREACHABLE_CODE = YES;
				CLANG_WARN__DUPLICATE_METHOD_MATCH = YES;
				CODE_SIGN_IDENTITY = "";
				DEBUG_INFORMATION_FORMAT = dwarf;
				ENABLE_STRICT_OBJC_MSGSEND = YES;
				ENABLE_TESTABILITY = NO;
				GCC_C_LANGUAGE_STANDARD = c11;
				GCC_INLINES_ARE_PRIVATE_EXTERN = YES;
				GCC_MODEL_TUNING = G5;
				GCC_NO_COMMON_BLOCKS = YES;
				GCC_SYMBOLS_PRIVATE_EXTERN = YES;
				GCC_WARN_64_TO_32_BIT_CONVERSION = YES;
				GCC_WARN_ABOUT_RETURN_TYPE = YES;
				GCC_WARN_CHECK_SWITCH_STATEMENTS = YES;
				GCC_WARN_MISSING_PARENTHESES = YES;
				GCC_WARN_NON_VIRTUAL_DESTRUCTOR = YES;
				GCC_WARN_TYPECHECK_CALLS_TO_PRINTF = YES;
				GCC_WARN_UNDECLARED_SELECTOR = YES;
				GCC_WARN_UNINITIALIZED_AUTOS = YES;
				GCC_WARN_UNUSED_FUNCTION = YES;
				GCC_WARN_UNUSED_VARIABLE = YES;
				PRODUCT_NAME = "Synth";
				SDKROOT = macosx;
				WARNING_CFLAGS = "-Wreorder";
				ZERO_LINK = NO;
			};
			name = Release;
		};
		EFE224850EB39181861A5CE1 /* Release */ = {
			isa = XCBuildConfiguration;
			buildSettings = {
				CLANG_CXX_LANGUAGE_STANDARD = "c++14";
				CLANG_CXX_LIBRARY = "libc++";
				CLANG_LINK_OBJC_RUNTIME = NO;
				CODE_SIGN_IDENTITY = "";
				COMBINE_HIDPI_IMAGES = YES;
				CONFIGURATION_BUILD_DIR = "$(PROJECT_DIR)/build/$(CONFIGURATION)";
				DEAD_CODE_STRIPPING = YES;
				DEPLOYMENT_LOCATION = YES;
				DSTROOT = /;
				EXCLUDED_ARCHS = "";
				GCC_GENERATE_DEBUGGING_SYMBOLS = NO;
				GCC_OPTIMIZATION_LEVEL = 3;
				GCC_PREPROCESSOR_DEFINITIONS = (
					"_NDEBUG=1",
					"NDEBUG=1",
					"JUCE_DISPLAY_SPLASH_SCREEN=0",
					"JUCE_USE_DARK_SPLASH_SCREEN=1",
					"JUCE_PROJUCER_VERSION=0x60104",
					"JUCE_MODULE_AVAILABLE_juce_audio_basics=1",
					"JUCE_MODULE_AVAILABLE_juce_audio_devices=1",
					"JUCE_MODULE_AVAILABLE_juce_audio_formats=1",
					"JUCE_MODULE_AVAILABLE_juce_audio_plugin_client=1",
					"JUCE_MODULE_AVAILABLE_juce_audio_processors=1",
					"JUCE_MODULE_AVAILABLE_juce_audio_utils=1",
					"JUCE_MODULE_AVAILABLE_juce_core=1",
					"JUCE_MODULE_AVAILABLE_juce_data_structures=1",
					"JUCE_MODULE_AVAILABLE_juce_dsp=1",
					"JUCE_MODULE_AVAILABLE_juce_events=1",
					"JUCE_MODULE_AVAILABLE_juce_graphics=1",
					"JUCE_MODULE_AVAILABLE_juce_gui_basics=1",
					"JUCE_MODULE_AVAILABLE_juce_gui_extra=1",
					"JUCE_GLOBAL_MODULE_SETTINGS_INCLUDED=1",
					"JUCE_VST3_CAN_REPLACE_VST2=0",
					"JUCE_STRICT_REFCOUNTEDPOINTER=1",
					"JucePlugin_Build_VST=0",
					"JucePlugin_Build_VST3=0",
					"JucePlugin_Build_AU=1",
					"JucePlugin_Build_AUv3=0",
					"JucePlugin_Build_RTAS=0",
					"JucePlugin_Build_AAX=0",
					"JucePlugin_Build_Standalone=0",
					"JucePlugin_Build_Unity=0",
					"JucePlugin_Enable_IAA=0",
					"JucePlugin_Name=\\\"Synth\\\"",
					"JucePlugin_Desc=\\\"Synth\\\"",
					"JucePlugin_Manufacturer=\\\"yourcompany\\\"",
					"JucePlugin_ManufacturerWebsite=\\\"\\\"",
					"JucePlugin_ManufacturerEmail=\\\"\\\"",
					"JucePlugin_ManufacturerCode=0x4d616e75",
					"JucePlugin_PluginCode=0x45637065",
					"JucePlugin_IsSynth=1",
					"JucePlugin_WantsMidiInput=1",
					"JucePlugin_ProducesMidiOutput=0",
					"JucePlugin_IsMidiEffect=0",
					"JucePlugin_EditorRequiresKeyboardFocus=0",
					"JucePlugin_Version=1.0.0",
					"JucePlugin_VersionCode=0x10000",
					"JucePlugin_VersionString=\\\"1.0.0\\\"",
					"JucePlugin_VSTUniqueID=JucePlugin_PluginCode",
					"JucePlugin_VSTCategory=kPlugCategSynth",
					"JucePlugin_Vst3Category=\\\"Instrument|Synth\\\"",
					"JucePlugin_AUMainType=\\'aumu\\'",
					"JucePlugin_AUSubType=JucePlugin_PluginCode",
					"JucePlugin_AUExportPrefix=SynthAU",
					"JucePlugin_AUExportPrefixQuoted=\\\"SynthAU\\\"",
					"JucePlugin_AUManufacturerCode=JucePlugin_ManufacturerCode",
					"JucePlugin_CFBundleIdentifier=com.yourcompany.Synth",
					"JucePlugin_RTASCategory=2048",
					"JucePlugin_RTASManufacturerCode=JucePlugin_ManufacturerCode",
					"JucePlugin_RTASProductId=JucePlugin_PluginCode",
					"JucePlugin_RTASDisableBypass=0",
					"JucePlugin_RTASDisableMultiMono=0",
					"JucePlugin_AAXIdentifier=com.yourcompany.Synth",
					"JucePlugin_AAXManufacturerCode=JucePlugin_ManufacturerCode",
					"JucePlugin_AAXProductId=JucePlugin_PluginCode",
					"JucePlugin_AAXCategory=2048",
					"JucePlugin_AAXDisableBypass=0",
					"JucePlugin_AAXDisableMultiMono=0",
					"JucePlugin_IAAType=0x61757269",
					"JucePlugin_IAASubType=JucePlugin_PluginCode",
					"JucePlugin_IAAName=\\\"yourcompany:\\ Synth\\\"",
					"JucePlugin_VSTNumMidiInputs=16",
					"JucePlugin_VSTNumMidiOutputs=16",
					"JUCE_STANDALONE_APPLICATION=JucePlugin_Build_Standalone",
					"JUCER_XCODE_MAC_F6D2F4CF=1",
					"JUCE_APP_VERSION=1.0.0",
					"JUCE_APP_VERSION_HEX=0x10000",
				);
				GCC_VERSION = com.apple.compilers.llvm.clang.1_0;
				GENERATE_PKGINFO_FILE = YES;
				HEADER_SEARCH_PATHS = (
					"/Users/kai/JUCE/modules/juce_audio_processors/format_types/VST3_SDK",
					"/Applications/JUCE/STeinberg/vst3sdk-master",
					"$(SRCROOT)/../../JuceLibraryCode",
					"/Users/kai/JUCE/modules",
					"/Users/kai/JUCE/modules/juce_audio_plugin_client",
					"$(inherited)",
				);
				INFOPLIST_FILE = Info-AU.plist;
				INFOPLIST_PREPROCESS = NO;
				INSTALL_PATH = "$(HOME)/Library/Audio/Plug-Ins/Components/";
				LIBRARY_STYLE = Bundle;
				LLVM_LTO = YES;
				MACOSX_DEPLOYMENT_TARGET = 10.11;
				MTL_HEADER_SEARCH_PATHS = "/Users/kai/JUCE/modules/juce_audio_processors/format_types/VST3_SDK /Applications/JUCE/STeinberg/vst3sdk-master $(SRCROOT)/../../JuceLibraryCode /Users/kai/JUCE/modules /Users/kai/JUCE/modules/juce_audio_plugin_client";
				OTHER_LDFLAGS = "-bundle -lSynth";
				OTHER_REZFLAGS = "-d ppc_$ppc -d i386_$i386 -d ppc64_$ppc64 -d x86_64_$x86_64 -d arm64_$arm64 -I /System/Library/Frameworks/CoreServices.framework/Frameworks/CarbonCore.framework/Versions/A/Headers -I \"$(DEVELOPER_DIR)/Extras/CoreAudio/AudioUnits/AUPublic/AUBase\" -I \"$(DEVELOPER_DIR)/Platforms/MacOSX.platform/Developer/SDKs/MacOSX.sdk/System/Library/Frameworks/AudioUnit.framework/Headers\"";
				PRODUCT_BUNDLE_IDENTIFIER = com.yourcompany.Synth;
				PRODUCT_NAME = "Synth";
				USE_HEADERMAP = NO;
				VALID_ARCHS = "i386 x86_64 arm64 arm64e";
				WRAPPER_EXTENSION = component;
			};
			name = Release;
		};
		F475AB63B12249A5F7F07350 /* Debug */ = {
			isa = XCBuildConfiguration;
			buildSettings = {
				CLANG_CXX_LANGUAGE_STANDARD = "c++14";
				CLANG_CXX_LIBRARY = "libc++";
				CLANG_LINK_OBJC_RUNTIME = NO;
				CODE_SIGN_IDENTITY = "";
				COMBINE_HIDPI_IMAGES = YES;
				CONFIGURATION_BUILD_DIR = "$(PROJECT_DIR)/build/$(CONFIGURATION)";
				COPY_PHASE_STRIP = NO;
				DEPLOYMENT_LOCATION = YES;
				DSTROOT = /;
				EXCLUDED_ARCHS = "";
				GCC_DYNAMIC_NO_PIC = NO;
				GCC_OPTIMIZATION_LEVEL = 0;
				GCC_PREPROCESSOR_DEFINITIONS = (
					"_DEBUG=1",
					"DEBUG=1",
					"JUCE_DISPLAY_SPLASH_SCREEN=0",
					"JUCE_USE_DARK_SPLASH_SCREEN=1",
					"JUCE_PROJUCER_VERSION=0x60104",
					"JUCE_MODULE_AVAILABLE_juce_audio_basics=1",
					"JUCE_MODULE_AVAILABLE_juce_audio_devices=1",
					"JUCE_MODULE_AVAILABLE_juce_audio_formats=1",
					"JUCE_MODULE_AVAILABLE_juce_audio_plugin_client=1",
					"JUCE_MODULE_AVAILABLE_juce_audio_processors=1",
					"JUCE_MODULE_AVAILABLE_juce_audio_utils=1",
					"JUCE_MODULE_AVAILABLE_juce_core=1",
					"JUCE_MODULE_AVAILABLE_juce_data_structures=1",
					"JUCE_MODULE_AVAILABLE_juce_dsp=1",
					"JUCE_MODULE_AVAILABLE_juce_events=1",
					"JUCE_MODULE_AVAILABLE_juce_graphics=1",
					"JUCE_MODULE_AVAILABLE_juce_gui_basics=1",
					"JUCE_MODULE_AVAILABLE_juce_gui_extra=1",
					"JUCE_GLOBAL_MODULE_SETTINGS_INCLUDED=1",
					"JUCE_VST3_CAN_REPLACE_VST2=0",
					"JUCE_STRICT_REFCOUNTEDPOINTER=1",
					"JucePlugin_Build_VST=0",
					"JucePlugin_Build_VST3=1",
					"JucePlugin_Build_AU=0",
					"JucePlugin_Build_AUv3=0",
					"JucePlugin_Build_RTAS=0",
					"JucePlugin_Build_AAX=0",
					"JucePlugin_Build_Standalone=0",
					"JucePlugin_Build_Unity=0",
					"JucePlugin_Enable_IAA=0",
					"JucePlugin_Name=\\\"Synth\\\"",
					"JucePlugin_Desc=\\\"Synth\\\"",
					"JucePlugin_Manufacturer=\\\"yourcompany\\\"",
					"JucePlugin_ManufacturerWebsite=\\\"\\\"",
					"JucePlugin_ManufacturerEmail=\\\"\\\"",
					"JucePlugin_ManufacturerCode=0x4d616e75",
					"JucePlugin_PluginCode=0x45637065",
					"JucePlugin_IsSynth=1",
					"JucePlugin_WantsMidiInput=1",
					"JucePlugin_ProducesMidiOutput=0",
					"JucePlugin_IsMidiEffect=0",
					"JucePlugin_EditorRequiresKeyboardFocus=0",
					"JucePlugin_Version=1.0.0",
					"JucePlugin_VersionCode=0x10000",
					"JucePlugin_VersionString=\\\"1.0.0\\\"",
					"JucePlugin_VSTUniqueID=JucePlugin_PluginCode",
					"JucePlugin_VSTCategory=kPlugCategSynth",
					"JucePlugin_Vst3Category=\\\"Instrument|Synth\\\"",
					"JucePlugin_AUMainType=\\'aumu\\'",
					"JucePlugin_AUSubType=JucePlugin_PluginCode",
					"JucePlugin_AUExportPrefix=SynthAU",
					"JucePlugin_AUExportPrefixQuoted=\\\"SynthAU\\\"",
					"JucePlugin_AUManufacturerCode=JucePlugin_ManufacturerCode",
					"JucePlugin_CFBundleIdentifier=com.yourcompany.Synth",
					"JucePlugin_RTASCategory=2048",
					"JucePlugin_RTASManufacturerCode=JucePlugin_ManufacturerCode",
					"JucePlugin_RTASProductId=JucePlugin_PluginCode",
					"JucePlugin_RTASDisableBypass=0",
					"JucePlugin_RTASDisableMultiMono=0",
					"JucePlugin_AAXIdentifier=com.yourcompany.Synth",
					"JucePlugin_AAXManufacturerCode=JucePlugin_ManufacturerCode",
					"JucePlugin_AAXProductId=JucePlugin_PluginCode",
					"JucePlugin_AAXCategory=2048",
					"JucePlugin_AAXDisableBypass=0",
					"JucePlugin_AAXDisableMultiMono=0",
					"JucePlugin_IAAType=0x61757269",
					"JucePlugin_IAASubType=JucePlugin_PluginCode",
					"JucePlugin_IAAName=\\\"yourcompany:\\ Synth\\\"",
					"JucePlugin_VSTNumMidiInputs=16",
					"JucePlugin_VSTNumMidiOutputs=16",
					"JUCE_STANDALONE_APPLICATION=JucePlugin_Build_Standalone",
					"JUCER_XCODE_MAC_F6D2F4CF=1",
					"JUCE_APP_VERSION=1.0.0",
					"JUCE_APP_VERSION_HEX=0x10000",
				);
				GCC_VERSION = com.apple.compilers.llvm.clang.1_0;
				GENERATE_PKGINFO_FILE = YES;
				HEADER_SEARCH_PATHS = (
					"/Users/kai/JUCE/modules/juce_audio_processors/format_types/VST3_SDK",
					"/Applications/JUCE/STeinberg/vst3sdk-master",
					"$(SRCROOT)/../../JuceLibraryCode",
					"/Users/kai/JUCE/modules",
					"/Users/kai/JUCE/modules/juce_audio_plugin_client",
					"$(inherited)",
				);
				INFOPLIST_FILE = Info-VST3.plist;
				INFOPLIST_PREPROCESS = NO;
				INSTALL_PATH = "$(HOME)/Library/Audio/Plug-Ins/VST3/";
				LIBRARY_STYLE = Bundle;
				MACOSX_DEPLOYMENT_TARGET = 10.11;
				MTL_HEADER_SEARCH_PATHS = "/Users/kai/JUCE/modules/juce_audio_processors/format_types/VST3_SDK /Applications/JUCE/STeinberg/vst3sdk-master $(SRCROOT)/../../JuceLibraryCode /Users/kai/JUCE/modules /Users/kai/JUCE/modules/juce_audio_plugin_client";
				OTHER_LDFLAGS = "-bundle -lSynth";
				PRODUCT_BUNDLE_IDENTIFIER = com.yourcompany.Synth;
				PRODUCT_NAME = "Synth";
				USE_HEADERMAP = NO;
				VALID_ARCHS = "i386 x86_64 arm64 arm64e";
				WRAPPER_EXTENSION = vst3;
			};
			name = Debug;
		};
/* End XCBuildConfiguration section */

/* Begin XCConfigurationList section */
		2FE23788892F6539A9095750 = {
			isa = XCConfigurationList;
			buildConfigurations = (
				F475AB63B12249A5F7F07350,
				6A7F1597882EA804B1EBC178,
			);
			defaultConfigurationIsVisible = 0;
			defaultConfigurationName = Debug;
		};
		58749339157DABBA645578BC = {
			isa = XCConfigurationList;
			buildConfigurations = (
				237600E4C0F1B3178E196B9A,
				C419D59F6E85BB34E018B4BC,
			);
			defaultConfigurationIsVisible = 0;
			defaultConfigurationName = Debug;
		};
		A82BC8F90771DF0EF8C45F31 = {
			isa = XCConfigurationList;
			buildConfigurations = (
				426F21A27F87E482C08A3940,
				9178F8DD82845679DA9B112E,
			);
			defaultConfigurationIsVisible = 0;
			defaultConfigurationName = Debug;
		};
		B334ACBE830810248F71C3A9 = {
			isa = XCConfigurationList;
			buildConfigurations = (
				481DB667BFCECBC3E397581A,
				87BB4AF774F2C14DCB518C50,
			);
			defaultConfigurationIsVisible = 0;
			defaultConfigurationName = Debug;
		};
		D8F890B608457775A9F1226D = {
			isa = XCConfigurationList;
			buildConfigurations = (
				A01A90BE85685C474C7B0757,
				EFE224850EB39181861A5CE1,
			);
			defaultConfigurationIsVisible = 0;
			defaultConfigurationName = Debug;
		};
		EFE26158CE1A1341A412B3A8 = {
			isa = XCConfigurationList;
			buildConfigurations = (
				9294176FB49D000126727962,
				E1EAE2869B44F20124357AB9,
			);
			defaultConfigurationIsVisible = 0;
			defaultConfigurationName = Debug;
		};
/* End XCConfigurationList section */
	};
	rootObject = 60B14E90E7E47EF254AECB52 /* Project object */;
}
